// !$*UTF8*$!
{
	archiveVersion = 1;
	classes = {
	};
	objectVersion = 46;
	objects = {

/* Begin PBXFileReference section */
		B22D25281AA89A0B0041D8E5 /* LICENSE */ = {isa = PBXFileReference; fileEncoding = 4; lastKnownFileType = text; path = LICENSE; sourceTree = "<group>"; };
		B24C597F1B8C66930003DF74 /* ax_check_compile_flag.m4 */ = {isa = PBXFileReference; fileEncoding = 4; lastKnownFileType = text; path = ax_check_compile_flag.m4; sourceTree = "<group>"; };
		B24C59801B8C66930003DF74 /* h2.m4 */ = {isa = PBXFileReference; fileEncoding = 4; lastKnownFileType = text; path = h2.m4; sourceTree = "<group>"; };
		B24C59811B8C66930003DF74 /* libtool.m4 */ = {isa = PBXFileReference; fileEncoding = 4; lastKnownFileType = text; path = libtool.m4; sourceTree = "<group>"; };
		B24C59821B8C66930003DF74 /* ltoptions.m4 */ = {isa = PBXFileReference; fileEncoding = 4; lastKnownFileType = text; path = ltoptions.m4; sourceTree = "<group>"; };
		B24C59831B8C66930003DF74 /* ltsugar.m4 */ = {isa = PBXFileReference; fileEncoding = 4; lastKnownFileType = text; path = ltsugar.m4; sourceTree = "<group>"; };
		B24C59841B8C66930003DF74 /* ltversion.m4 */ = {isa = PBXFileReference; fileEncoding = 4; lastKnownFileType = text; path = ltversion.m4; sourceTree = "<group>"; };
		B24C59851B8C66930003DF74 /* lt~obsolete.m4 */ = {isa = PBXFileReference; fileEncoding = 4; lastKnownFileType = text; path = "lt~obsolete.m4"; sourceTree = "<group>"; };
		B24DBCC21D3298D300C80369 /* h2_proxy_util.c */ = {isa = PBXFileReference; fileEncoding = 4; lastKnownFileType = sourcecode.c.c; path = h2_proxy_util.c; sourceTree = "<group>"; };
		B24DBCC31D3298D300C80369 /* h2_proxy_util.h */ = {isa = PBXFileReference; fileEncoding = 4; lastKnownFileType = sourcecode.c.h; path = h2_proxy_util.h; sourceTree = "<group>"; };
		B25096C01CC4E66F002E8B04 /* h2_ngn_shed.c */ = {isa = PBXFileReference; fileEncoding = 4; lastKnownFileType = sourcecode.c.c; path = h2_ngn_shed.c; sourceTree = "<group>"; };
		B25096C11CC4E66F002E8B04 /* h2_ngn_shed.h */ = {isa = PBXFileReference; fileEncoding = 4; lastKnownFileType = sourcecode.c.h; path = h2_ngn_shed.h; sourceTree = "<group>"; };
		B25096C21CC4E66F002E8B04 /* h2.h */ = {isa = PBXFileReference; fileEncoding = 4; lastKnownFileType = sourcecode.c.h; path = h2.h; sourceTree = "<group>"; };
		B25096C41CC4F132002E8B04 /* h2_bucket_beam.c */ = {isa = PBXFileReference; fileEncoding = 4; lastKnownFileType = sourcecode.c.c; path = h2_bucket_beam.c; sourceTree = "<group>"; };
		B25096C51CC4F132002E8B04 /* h2_bucket_beam.h */ = {isa = PBXFileReference; fileEncoding = 4; lastKnownFileType = sourcecode.c.h; path = h2_bucket_beam.h; sourceTree = "<group>"; };
		B25096C61CC65E27002E8B04 /* h2_proxy_session.c */ = {isa = PBXFileReference; fileEncoding = 4; lastKnownFileType = sourcecode.c.c; path = h2_proxy_session.c; sourceTree = "<group>"; };
		B25096C71CC65E27002E8B04 /* h2_proxy_session.h */ = {isa = PBXFileReference; fileEncoding = 4; lastKnownFileType = sourcecode.c.h; path = h2_proxy_session.h; sourceTree = "<group>"; };
		B25096C81CC65E27002E8B04 /* mod_proxy_http2.c */ = {isa = PBXFileReference; fileEncoding = 4; lastKnownFileType = sourcecode.c.c; path = mod_proxy_http2.c; sourceTree = "<group>"; };
		B25096C91CC65E27002E8B04 /* mod_proxy_http2.h */ = {isa = PBXFileReference; fileEncoding = 4; lastKnownFileType = sourcecode.c.h; path = mod_proxy_http2.h; sourceTree = "<group>"; };
		B25574691BEB6EFC0058F97B /* config.h.in */ = {isa = PBXFileReference; fileEncoding = 4; lastKnownFileType = text; path = config.h.in; sourceTree = "<group>"; };
		B255746A1BEB6EFC0058F97B /* h2_alt_svc.c */ = {isa = PBXFileReference; fileEncoding = 4; lastKnownFileType = sourcecode.c.c; path = h2_alt_svc.c; sourceTree = "<group>"; };
		B255746B1BEB6EFC0058F97B /* h2_alt_svc.h */ = {isa = PBXFileReference; fileEncoding = 4; lastKnownFileType = sourcecode.c.h; path = h2_alt_svc.h; sourceTree = "<group>"; };
		B255746E1BEB6EFC0058F97B /* h2_bucket_eos.c */ = {isa = PBXFileReference; fileEncoding = 4; lastKnownFileType = sourcecode.c.c; path = h2_bucket_eos.c; sourceTree = "<group>"; };
		B255746F1BEB6EFC0058F97B /* h2_bucket_eos.h */ = {isa = PBXFileReference; fileEncoding = 4; lastKnownFileType = sourcecode.c.h; path = h2_bucket_eos.h; sourceTree = "<group>"; };
		B25574701BEB6EFC0058F97B /* h2_config.c */ = {isa = PBXFileReference; fileEncoding = 4; lastKnownFileType = sourcecode.c.c; path = h2_config.c; sourceTree = "<group>"; };
		B25574711BEB6EFC0058F97B /* h2_config.h */ = {isa = PBXFileReference; fileEncoding = 4; lastKnownFileType = sourcecode.c.h; path = h2_config.h; sourceTree = "<group>"; };
		B25574721BEB6EFC0058F97B /* h2_conn.c */ = {isa = PBXFileReference; fileEncoding = 4; lastKnownFileType = sourcecode.c.c; path = h2_conn.c; sourceTree = "<group>"; };
		B25574731BEB6EFC0058F97B /* h2_conn.h */ = {isa = PBXFileReference; fileEncoding = 4; lastKnownFileType = sourcecode.c.h; path = h2_conn.h; sourceTree = "<group>"; };
		B25574741BEB6EFC0058F97B /* h2_conn_io.c */ = {isa = PBXFileReference; fileEncoding = 4; lastKnownFileType = sourcecode.c.c; path = h2_conn_io.c; sourceTree = "<group>"; };
		B25574751BEB6EFC0058F97B /* h2_conn_io.h */ = {isa = PBXFileReference; fileEncoding = 4; lastKnownFileType = sourcecode.c.h; path = h2_conn_io.h; sourceTree = "<group>"; };
		B25574761BEB6EFC0058F97B /* h2_ctx.c */ = {isa = PBXFileReference; fileEncoding = 4; lastKnownFileType = sourcecode.c.c; path = h2_ctx.c; sourceTree = "<group>"; };
		B25574771BEB6EFC0058F97B /* h2_ctx.h */ = {isa = PBXFileReference; fileEncoding = 4; lastKnownFileType = sourcecode.c.h; path = h2_ctx.h; sourceTree = "<group>"; };
		B25574781BEB6EFC0058F97B /* h2_from_h1.c */ = {isa = PBXFileReference; fileEncoding = 4; lastKnownFileType = sourcecode.c.c; path = h2_from_h1.c; sourceTree = "<group>"; };
		B25574791BEB6EFC0058F97B /* h2_from_h1.h */ = {isa = PBXFileReference; fileEncoding = 4; lastKnownFileType = sourcecode.c.h; path = h2_from_h1.h; sourceTree = "<group>"; };
		B255747A1BEB6EFC0058F97B /* h2_h2.c */ = {isa = PBXFileReference; fileEncoding = 4; lastKnownFileType = sourcecode.c.c; path = h2_h2.c; sourceTree = "<group>"; };
		B255747B1BEB6EFC0058F97B /* h2_h2.h */ = {isa = PBXFileReference; fileEncoding = 4; lastKnownFileType = sourcecode.c.h; path = h2_h2.h; sourceTree = "<group>"; };
		B25574801BEB6EFC0058F97B /* h2_mplx.c */ = {isa = PBXFileReference; fileEncoding = 4; lastKnownFileType = sourcecode.c.c; path = h2_mplx.c; sourceTree = "<group>"; };
		B25574811BEB6EFC0058F97B /* h2_mplx.h */ = {isa = PBXFileReference; fileEncoding = 4; lastKnownFileType = sourcecode.c.h; path = h2_mplx.h; sourceTree = "<group>"; };
		B25574821BEB6EFC0058F97B /* h2_private.h */ = {isa = PBXFileReference; fileEncoding = 4; lastKnownFileType = sourcecode.c.h; path = h2_private.h; sourceTree = "<group>"; };
		B25574831BEB6EFC0058F97B /* h2_request.c */ = {isa = PBXFileReference; fileEncoding = 4; lastKnownFileType = sourcecode.c.c; path = h2_request.c; sourceTree = "<group>"; };
		B25574841BEB6EFC0058F97B /* h2_request.h */ = {isa = PBXFileReference; fileEncoding = 4; lastKnownFileType = sourcecode.c.h; path = h2_request.h; sourceTree = "<group>"; };
		B25574871BEB6EFC0058F97B /* h2_session.c */ = {isa = PBXFileReference; fileEncoding = 4; lastKnownFileType = sourcecode.c.c; path = h2_session.c; sourceTree = "<group>"; };
		B25574881BEB6EFC0058F97B /* h2_session.h */ = {isa = PBXFileReference; fileEncoding = 4; lastKnownFileType = sourcecode.c.h; path = h2_session.h; sourceTree = "<group>"; };
		B25574891BEB6EFC0058F97B /* h2_stream.c */ = {isa = PBXFileReference; fileEncoding = 4; lastKnownFileType = sourcecode.c.c; path = h2_stream.c; sourceTree = "<group>"; };
		B255748A1BEB6EFC0058F97B /* h2_stream.h */ = {isa = PBXFileReference; fileEncoding = 4; lastKnownFileType = sourcecode.c.h; path = h2_stream.h; sourceTree = "<group>"; };
		B255748D1BEB6EFC0058F97B /* h2_switch.c */ = {isa = PBXFileReference; fileEncoding = 4; lastKnownFileType = sourcecode.c.c; path = h2_switch.c; sourceTree = "<group>"; };
		B255748E1BEB6EFC0058F97B /* h2_switch.h */ = {isa = PBXFileReference; fileEncoding = 4; lastKnownFileType = sourcecode.c.h; path = h2_switch.h; sourceTree = "<group>"; };
		B255748F1BEB6EFC0058F97B /* h2_task.c */ = {isa = PBXFileReference; fileEncoding = 4; lastKnownFileType = sourcecode.c.c; path = h2_task.c; sourceTree = "<group>"; };
		B25574901BEB6EFC0058F97B /* h2_task.h */ = {isa = PBXFileReference; fileEncoding = 4; lastKnownFileType = sourcecode.c.h; path = h2_task.h; sourceTree = "<group>"; };
		B25574991BEB6EFC0058F97B /* h2_util.c */ = {isa = PBXFileReference; fileEncoding = 4; lastKnownFileType = sourcecode.c.c; path = h2_util.c; sourceTree = "<group>"; };
		B255749A1BEB6EFC0058F97B /* h2_util.h */ = {isa = PBXFileReference; fileEncoding = 4; lastKnownFileType = sourcecode.c.h; path = h2_util.h; sourceTree = "<group>"; };
		B255749C1BEB6EFC0058F97B /* h2_version.h.in */ = {isa = PBXFileReference; fileEncoding = 4; lastKnownFileType = text; path = h2_version.h.in; sourceTree = "<group>"; };
		B255749D1BEB6EFC0058F97B /* h2_worker.c */ = {isa = PBXFileReference; fileEncoding = 4; lastKnownFileType = sourcecode.c.c; path = h2_worker.c; sourceTree = "<group>"; };
		B255749E1BEB6EFC0058F97B /* h2_worker.h */ = {isa = PBXFileReference; fileEncoding = 4; lastKnownFileType = sourcecode.c.h; path = h2_worker.h; sourceTree = "<group>"; };
		B255749F1BEB6EFC0058F97B /* h2_workers.c */ = {isa = PBXFileReference; fileEncoding = 4; lastKnownFileType = sourcecode.c.c; path = h2_workers.c; sourceTree = "<group>"; };
		B25574A01BEB6EFC0058F97B /* h2_workers.h */ = {isa = PBXFileReference; fileEncoding = 4; lastKnownFileType = sourcecode.c.h; path = h2_workers.h; sourceTree = "<group>"; };
		B25574A21BEB6EFC0058F97B /* h2.m4 */ = {isa = PBXFileReference; fileEncoding = 4; lastKnownFileType = text; path = h2.m4; sourceTree = "<group>"; };
		B25574A41BEB6EFC0058F97B /* Makefile.am */ = {isa = PBXFileReference; fileEncoding = 4; lastKnownFileType = text; path = Makefile.am; sourceTree = "<group>"; };
		B25574A71BEB6EFC0058F97B /* mod_http2.c */ = {isa = PBXFileReference; fileEncoding = 4; lastKnownFileType = sourcecode.c.c; path = mod_http2.c; sourceTree = "<group>"; };
		B256C4BA1ADD5FF10042C760 /* README.md */ = {isa = PBXFileReference; fileEncoding = 4; lastKnownFileType = net.daringfireball.markdown; path = README.md; sourceTree = "<group>"; };
		B27BBD2D1A6575C200C58A41 /* README */ = {isa = PBXFileReference; lastKnownFileType = text; path = README; sourceTree = "<group>"; };
		B2990D411DA28DD900F2B9BA /* h2_headers.c */ = {isa = PBXFileReference; fileEncoding = 4; lastKnownFileType = sourcecode.c.c; path = h2_headers.c; sourceTree = "<group>"; };
		B2990D421DA28DD900F2B9BA /* h2_headers.h */ = {isa = PBXFileReference; fileEncoding = 4; lastKnownFileType = sourcecode.c.h; path = h2_headers.h; sourceTree = "<group>"; };
		B2A6EF2A1A9E3A93005DFC5B /* INSTALL */ = {isa = PBXFileReference; fileEncoding = 4; lastKnownFileType = text; path = INSTALL; sourceTree = "<group>"; };
		B2A6EF2C1A9F2452005DFC5B /* DISCUSS */ = {isa = PBXFileReference; fileEncoding = 4; lastKnownFileType = text; path = DISCUSS; sourceTree = "<group>"; };
		B2AB9AB71C2ADBE100908DD6 /* h2_filter.c */ = {isa = PBXFileReference; fileEncoding = 4; lastKnownFileType = sourcecode.c.c; path = h2_filter.c; sourceTree = "<group>"; };
		B2AB9AB81C2ADBE100908DD6 /* h2_filter.h */ = {isa = PBXFileReference; fileEncoding = 4; lastKnownFileType = sourcecode.c.h; path = h2_filter.h; sourceTree = "<group>"; };
		B2AB9AB91C2ADBE100908DD6 /* h2_push.c */ = {isa = PBXFileReference; fileEncoding = 4; lastKnownFileType = sourcecode.c.c; path = h2_push.c; sourceTree = "<group>"; };
		B2AB9ABA1C2ADBE100908DD6 /* h2_push.h */ = {isa = PBXFileReference; fileEncoding = 4; lastKnownFileType = sourcecode.c.h; path = h2_push.h; sourceTree = "<group>"; };
		B2AB9ABB1C2ADBE100908DD6 /* h2_version.h */ = {isa = PBXFileReference; fileEncoding = 4; lastKnownFileType = sourcecode.c.h; path = h2_version.h; sourceTree = "<group>"; };
		B2AB9ABC1C2ADBE100908DD6 /* mod_http2.h */ = {isa = PBXFileReference; fileEncoding = 4; lastKnownFileType = sourcecode.c.h; path = mod_http2.h; sourceTree = "<group>"; };
		B2E5D7841AAEEF8C001FD280 /* configure.ac */ = {isa = PBXFileReference; fileEncoding = 4; lastKnownFileType = text; path = configure.ac; sourceTree = "<group>"; xcLanguageSpecificationIdentifier = xcode.lang.sh; };
		B2E5D7851AAF1D87001FD280 /* Makefile.am */ = {isa = PBXFileReference; fileEncoding = 4; lastKnownFileType = text; path = Makefile.am; sourceTree = "<group>"; };
		B2E5D7861AAF1F4D001FD280 /* AUTHORS */ = {isa = PBXFileReference; fileEncoding = 4; lastKnownFileType = text; path = AUTHORS; sourceTree = "<group>"; };
		B2E5D7871AAF1F4D001FD280 /* ChangeLog */ = {isa = PBXFileReference; fileEncoding = 4; lastKnownFileType = text; path = ChangeLog; sourceTree = "<group>"; };
		B2E5D7881AAF1F4D001FD280 /* COPYING */ = {isa = PBXFileReference; fileEncoding = 4; lastKnownFileType = text; path = COPYING; sourceTree = "<group>"; };
		B2E5D7891AAF1F4D001FD280 /* NEWS */ = {isa = PBXFileReference; fileEncoding = 4; lastKnownFileType = text; path = NEWS; sourceTree = "<group>"; };
/* End PBXFileReference section */

/* Begin PBXGroup section */
		B24C597E1B8C66930003DF74 /* m4 */ = {
			isa = PBXGroup;
			children = (
				B24C597F1B8C66930003DF74 /* ax_check_compile_flag.m4 */,
				B24C59801B8C66930003DF74 /* h2.m4 */,
				B24C59811B8C66930003DF74 /* libtool.m4 */,
				B24C59821B8C66930003DF74 /* ltoptions.m4 */,
				B24C59831B8C66930003DF74 /* ltsugar.m4 */,
				B24C59841B8C66930003DF74 /* ltversion.m4 */,
				B24C59851B8C66930003DF74 /* lt~obsolete.m4 */,
			);
			path = m4;
			sourceTree = "<group>";
		};
		B255740A1BEB6EFC0058F97B /* mod_http2 */ = {
			isa = PBXGroup;
			children = (
				B25574691BEB6EFC0058F97B /* config.h.in */,
				B255746A1BEB6EFC0058F97B /* h2_alt_svc.c */,
				B255746B1BEB6EFC0058F97B /* h2_alt_svc.h */,
				B25096C41CC4F132002E8B04 /* h2_bucket_beam.c */,
				B25096C51CC4F132002E8B04 /* h2_bucket_beam.h */,
				B255746E1BEB6EFC0058F97B /* h2_bucket_eos.c */,
				B255746F1BEB6EFC0058F97B /* h2_bucket_eos.h */,
				B25574701BEB6EFC0058F97B /* h2_config.c */,
				B25574711BEB6EFC0058F97B /* h2_config.h */,
				B25574741BEB6EFC0058F97B /* h2_conn_io.c */,
				B25574751BEB6EFC0058F97B /* h2_conn_io.h */,
				B25574721BEB6EFC0058F97B /* h2_conn.c */,
				B25574731BEB6EFC0058F97B /* h2_conn.h */,
				B25574761BEB6EFC0058F97B /* h2_ctx.c */,
				B25574771BEB6EFC0058F97B /* h2_ctx.h */,
				B2AB9AB71C2ADBE100908DD6 /* h2_filter.c */,
				B2AB9AB81C2ADBE100908DD6 /* h2_filter.h */,
				B25574781BEB6EFC0058F97B /* h2_from_h1.c */,
				B25574791BEB6EFC0058F97B /* h2_from_h1.h */,
				B255747A1BEB6EFC0058F97B /* h2_h2.c */,
				B255747B1BEB6EFC0058F97B /* h2_h2.h */,
				B2990D411DA28DD900F2B9BA /* h2_headers.c */,
				B2990D421DA28DD900F2B9BA /* h2_headers.h */,
				B25574801BEB6EFC0058F97B /* h2_mplx.c */,
				B25574811BEB6EFC0058F97B /* h2_mplx.h */,
				B25096C01CC4E66F002E8B04 /* h2_ngn_shed.c */,
				B25096C11CC4E66F002E8B04 /* h2_ngn_shed.h */,
				B25574821BEB6EFC0058F97B /* h2_private.h */,
				B25096C61CC65E27002E8B04 /* h2_proxy_session.c */,
				B25096C71CC65E27002E8B04 /* h2_proxy_session.h */,
				B24DBCC21D3298D300C80369 /* h2_proxy_util.c */,
				B24DBCC31D3298D300C80369 /* h2_proxy_util.h */,
				B2AB9AB91C2ADBE100908DD6 /* h2_push.c */,
				B2AB9ABA1C2ADBE100908DD6 /* h2_push.h */,
				B25574831BEB6EFC0058F97B /* h2_request.c */,
				B25574841BEB6EFC0058F97B /* h2_request.h */,
				B25574871BEB6EFC0058F97B /* h2_session.c */,
				B25574881BEB6EFC0058F97B /* h2_session.h */,
				B25574891BEB6EFC0058F97B /* h2_stream.c */,
				B255748A1BEB6EFC0058F97B /* h2_stream.h */,
				B255748D1BEB6EFC0058F97B /* h2_switch.c */,
				B255748E1BEB6EFC0058F97B /* h2_switch.h */,
				B255748F1BEB6EFC0058F97B /* h2_task.c */,
				B25574901BEB6EFC0058F97B /* h2_task.h */,
				B25574991BEB6EFC0058F97B /* h2_util.c */,
				B255749A1BEB6EFC0058F97B /* h2_util.h */,
				B2AB9ABB1C2ADBE100908DD6 /* h2_version.h */,
				B255749C1BEB6EFC0058F97B /* h2_version.h.in */,
				B255749D1BEB6EFC0058F97B /* h2_worker.c */,
				B255749E1BEB6EFC0058F97B /* h2_worker.h */,
				B255749F1BEB6EFC0058F97B /* h2_workers.c */,
				B25574A01BEB6EFC0058F97B /* h2_workers.h */,
				B25096C21CC4E66F002E8B04 /* h2.h */,
				B25574A11BEB6EFC0058F97B /* m4 */,
				B25574A41BEB6EFC0058F97B /* Makefile.am */,
				B25574A71BEB6EFC0058F97B /* mod_http2.c */,
				B2AB9ABC1C2ADBE100908DD6 /* mod_http2.h */,
				B25096C81CC65E27002E8B04 /* mod_proxy_http2.c */,
				B25096C91CC65E27002E8B04 /* mod_proxy_http2.h */,
			);
			path = mod_http2;
			sourceTree = "<group>";
		};
		B25574A11BEB6EFC0058F97B /* m4 */ = {
			isa = PBXGroup;
			children = (
				B25574A21BEB6EFC0058F97B /* h2.m4 */,
			);
			path = m4;
			sourceTree = "<group>";
		};
		B27BBD1F1A65757700C58A41 = {
			isa = PBXGroup;
			children = (
				B2E5D7861AAF1F4D001FD280 /* AUTHORS */,
				B2E5D7871AAF1F4D001FD280 /* ChangeLog */,
				B2E5D7841AAEEF8C001FD280 /* configure.ac */,
				B2E5D7881AAF1F4D001FD280 /* COPYING */,
				B2A6EF2C1A9F2452005DFC5B /* DISCUSS */,
				B2A6EF2A1A9E3A93005DFC5B /* INSTALL */,
				B22D25281AA89A0B0041D8E5 /* LICENSE */,
				B24C597E1B8C66930003DF74 /* m4 */,
				B2E5D7851AAF1D87001FD280 /* Makefile.am */,
				B255740A1BEB6EFC0058F97B /* mod_http2 */,
				B2E5D7891AAF1F4D001FD280 /* NEWS */,
				B27BBD2D1A6575C200C58A41 /* README */,
				B256C4BA1ADD5FF10042C760 /* README.md */,
			);
			sourceTree = "<group>";
		};
/* End PBXGroup section */

/* Begin PBXLegacyTarget section */
		B2546D8A1A7F76FA0033A875 /* mod_h2 make */ = {
			isa = PBXLegacyTarget;
			buildArgumentsString = "$(ACTION) APXS=../gen/install/bin/apxs";
			buildConfigurationList = B2546D8B1A7F76FA0033A875 /* Build configuration list for PBXLegacyTarget "mod_h2 make" */;
			buildPhases = (
			);
			buildToolPath = /usr/bin/make;
			buildWorkingDirectory = "/Users/sei/projects/mod-h2/mod_http2";
			dependencies = (
			);
			name = "mod_h2 make";
			passBuildSettingsInEnvironment = 1;
			productName = "mod_h2 make";
		};
/* End PBXLegacyTarget section */

/* Begin PBXProject section */
		B27BBD201A65757700C58A41 /* Project object */ = {
			isa = PBXProject;
			attributes = {
				LastUpgradeCheck = 0800;
				TargetAttributes = {
					B2546D8A1A7F76FA0033A875 = {
						CreatedOnToolsVersion = 6.0;
					};
				};
			};
			buildConfigurationList = B27BBD231A65757700C58A41 /* Build configuration list for PBXProject "mod-h2" */;
			compatibilityVersion = "Xcode 3.2";
			developmentRegion = English;
			hasScannedForEncodings = 0;
			knownRegions = (
				en,
			);
			mainGroup = B27BBD1F1A65757700C58A41;
			projectDirPath = "";
			projectRoot = "";
			targets = (
				B2546D8A1A7F76FA0033A875 /* mod_h2 make */,
			);
		};
/* End PBXProject section */

/* Begin XCBuildConfiguration section */
		B2546D8C1A7F76FA0033A875 /* Debug */ = {
			isa = XCBuildConfiguration;
			buildSettings = {
				ALWAYS_SEARCH_USER_PATHS = NO;
				CLANG_CXX_LANGUAGE_STANDARD = "gnu++0x";
				CLANG_CXX_LIBRARY = "libc++";
				CLANG_ENABLE_MODULES = YES;
				CLANG_ENABLE_OBJC_ARC = YES;
				CLANG_WARN_BOOL_CONVERSION = YES;
				CLANG_WARN_CONSTANT_CONVERSION = YES;
				CLANG_WARN_DIRECT_OBJC_ISA_USAGE = YES_ERROR;
				CLANG_WARN_EMPTY_BODY = YES;
				CLANG_WARN_ENUM_CONVERSION = YES;
				CLANG_WARN_INT_CONVERSION = YES;
				CLANG_WARN_OBJC_ROOT_CLASS = YES_ERROR;
				CLANG_WARN_UNREACHABLE_CODE = YES;
				CLANG_WARN__DUPLICATE_METHOD_MATCH = YES;
				COPY_PHASE_STRIP = NO;
				DEBUGGING_SYMBOLS = YES;
				ENABLE_STRICT_OBJC_MSGSEND = YES;
				GCC_C_LANGUAGE_STANDARD = gnu99;
				GCC_DYNAMIC_NO_PIC = NO;
				GCC_GENERATE_DEBUGGING_SYMBOLS = YES;
				GCC_OPTIMIZATION_LEVEL = 0;
				GCC_PREPROCESSOR_DEFINITIONS = (
					"DEBUG=1",
					"$(inherited)",
				);
				GCC_SYMBOLS_PRIVATE_EXTERN = NO;
				GCC_WARN_64_TO_32_BIT_CONVERSION = YES;
				GCC_WARN_ABOUT_RETURN_TYPE = YES_ERROR;
				GCC_WARN_UNDECLARED_SELECTOR = YES;
				GCC_WARN_UNINITIALIZED_AUTOS = YES_AGGRESSIVE;
				GCC_WARN_UNUSED_FUNCTION = YES;
				GCC_WARN_UNUSED_VARIABLE = YES;
				MACOSX_DEPLOYMENT_TARGET = 10.9;
				MTL_ENABLE_DEBUG_INFO = YES;
				ONLY_ACTIVE_ARCH = YES;
				OTHER_CFLAGS = "";
				OTHER_LDFLAGS = "";
				PRODUCT_NAME = "$(TARGET_NAME)";
				SDKROOT = macosx;
			};
			name = Debug;
		};
		B2546D8D1A7F76FA0033A875 /* Release */ = {
			isa = XCBuildConfiguration;
			buildSettings = {
				ALWAYS_SEARCH_USER_PATHS = NO;
				CLANG_CXX_LANGUAGE_STANDARD = "gnu++0x";
				CLANG_CXX_LIBRARY = "libc++";
				CLANG_ENABLE_MODULES = YES;
				CLANG_ENABLE_OBJC_ARC = YES;
				CLANG_WARN_BOOL_CONVERSION = YES;
				CLANG_WARN_CONSTANT_CONVERSION = YES;
				CLANG_WARN_DIRECT_OBJC_ISA_USAGE = YES_ERROR;
				CLANG_WARN_EMPTY_BODY = YES;
				CLANG_WARN_ENUM_CONVERSION = YES;
				CLANG_WARN_INT_CONVERSION = YES;
				CLANG_WARN_OBJC_ROOT_CLASS = YES_ERROR;
				CLANG_WARN_UNREACHABLE_CODE = YES;
				CLANG_WARN__DUPLICATE_METHOD_MATCH = YES;
				COPY_PHASE_STRIP = YES;
				DEBUG_INFORMATION_FORMAT = "dwarf-with-dsym";
				ENABLE_NS_ASSERTIONS = NO;
				ENABLE_STRICT_OBJC_MSGSEND = YES;
				GCC_C_LANGUAGE_STANDARD = gnu99;
				GCC_WARN_64_TO_32_BIT_CONVERSION = YES;
				GCC_WARN_ABOUT_RETURN_TYPE = YES_ERROR;
				GCC_WARN_UNDECLARED_SELECTOR = YES;
				GCC_WARN_UNINITIALIZED_AUTOS = YES_AGGRESSIVE;
				GCC_WARN_UNUSED_FUNCTION = YES;
				GCC_WARN_UNUSED_VARIABLE = YES;
				MACOSX_DEPLOYMENT_TARGET = 10.9;
				MTL_ENABLE_DEBUG_INFO = NO;
				OTHER_CFLAGS = "";
				OTHER_LDFLAGS = "";
				PRODUCT_NAME = "$(TARGET_NAME)";
				SDKROOT = macosx;
			};
			name = Release;
		};
		B27BBD241A65757700C58A41 /* Debug */ = {
			isa = XCBuildConfiguration;
			buildSettings = {
				BuildMake = "";
				CLANG_WARN_BOOL_CONVERSION = YES;
				CLANG_WARN_CONSTANT_CONVERSION = YES;
				CLANG_WARN_EMPTY_BODY = YES;
				CLANG_WARN_ENUM_CONVERSION = YES;
				CLANG_WARN_INFINITE_RECURSION = YES;
				CLANG_WARN_INT_CONVERSION = YES;
				CLANG_WARN_SUSPICIOUS_MOVE = YES;
				CLANG_WARN_UNREACHABLE_CODE = YES;
				CLANG_WARN__DUPLICATE_METHOD_MATCH = YES;
				ENABLE_STRICT_OBJC_MSGSEND = YES;
				ENABLE_TESTABILITY = YES;
				GCC_NO_COMMON_BLOCKS = YES;
				GCC_WARN_64_TO_32_BIT_CONVERSION = YES;
				GCC_WARN_ABOUT_RETURN_TYPE = YES;
				GCC_WARN_UNDECLARED_SELECTOR = YES;
				GCC_WARN_UNINITIALIZED_AUTOS = YES;
				GCC_WARN_UNUSED_FUNCTION = YES;
				GCC_WARN_UNUSED_VARIABLE = YES;
				MACOSX_DEPLOYMENT_TARGET = 10.9;
				ONLY_ACTIVE_ARCH = YES;
			};
			name = Debug;
		};
		B27BBD251A65757700C58A41 /* Release */ = {
			isa = XCBuildConfiguration;
			buildSettings = {
				BuildMake = "";
				CLANG_WARN_BOOL_CONVERSION = YES;
				CLANG_WARN_CONSTANT_CONVERSION = YES;
				CLANG_WARN_EMPTY_BODY = YES;
				CLANG_WARN_ENUM_CONVERSION = YES;
				CLANG_WARN_INFINITE_RECURSION = YES;
				CLANG_WARN_INT_CONVERSION = YES;
				CLANG_WARN_SUSPICIOUS_MOVE = YES;
				CLANG_WARN_UNREACHABLE_CODE = YES;
				CLANG_WARN__DUPLICATE_METHOD_MATCH = YES;
				ENABLE_STRICT_OBJC_MSGSEND = YES;
				GCC_NO_COMMON_BLOCKS = YES;
				GCC_WARN_64_TO_32_BIT_CONVERSION = YES;
				GCC_WARN_ABOUT_RETURN_TYPE = YES;
				GCC_WARN_UNDECLARED_SELECTOR = YES;
				GCC_WARN_UNINITIALIZED_AUTOS = YES;
				GCC_WARN_UNUSED_FUNCTION = YES;
				GCC_WARN_UNUSED_VARIABLE = YES;
				MACOSX_DEPLOYMENT_TARGET = 10.9;
			};
			name = Release;
		};
/* End XCBuildConfiguration section */

/* Begin XCConfigurationList section */
		B2546D8B1A7F76FA0033A875 /* Build configuration list for PBXLegacyTarget "mod_h2 make" */ = {
			isa = XCConfigurationList;
			buildConfigurations = (
				B2546D8C1A7F76FA0033A875 /* Debug */,
				B2546D8D1A7F76FA0033A875 /* Release */,
			);
			defaultConfigurationIsVisible = 0;
			defaultConfigurationName = Release;
		};
		B27BBD231A65757700C58A41 /* Build configuration list for PBXProject "mod-h2" */ = {
			isa = XCConfigurationList;
			buildConfigurations = (
				B27BBD241A65757700C58A41 /* Debug */,
				B27BBD251A65757700C58A41 /* Release */,
			);
			defaultConfigurationIsVisible = 0;
			defaultConfigurationName = Release;
		};
/* End XCConfigurationList section */
	};
	rootObject = B27BBD201A65757700C58A41 /* Project object */;
}
