// !$*UTF8*$!
{
	archiveVersion = 1;
	classes = {
	};
	objectVersion = 46;
	objects = {

/* Begin PBXFileReference section */
		B22D25281AA89A0B0041D8E5 /* LICENSE */ = {isa = PBXFileReference; fileEncoding = 4; lastKnownFileType = text; path = LICENSE; sourceTree = "<group>"; };
		B24C597F1B8C66930003DF74 /* ax_check_compile_flag.m4 */ = {isa = PBXFileReference; fileEncoding = 4; lastKnownFileType = text; path = ax_check_compile_flag.m4; sourceTree = "<group>"; };
		B24C59801B8C66930003DF74 /* h2.m4 */ = {isa = PBXFileReference; fileEncoding = 4; lastKnownFileType = text; path = h2.m4; sourceTree = "<group>"; };
		B24C59811B8C66930003DF74 /* libtool.m4 */ = {isa = PBXFileReference; fileEncoding = 4; lastKnownFileType = text; path = libtool.m4; sourceTree = "<group>"; };
		B24C59821B8C66930003DF74 /* ltoptions.m4 */ = {isa = PBXFileReference; fileEncoding = 4; lastKnownFileType = text; path = ltoptions.m4; sourceTree = "<group>"; };
		B24C59831B8C66930003DF74 /* ltsugar.m4 */ = {isa = PBXFileReference; fileEncoding = 4; lastKnownFileType = text; path = ltsugar.m4; sourceTree = "<group>"; };
		B24C59841B8C66930003DF74 /* ltversion.m4 */ = {isa = PBXFileReference; fileEncoding = 4; lastKnownFileType = text; path = ltversion.m4; sourceTree = "<group>"; };
		B24C59851B8C66930003DF74 /* lt~obsolete.m4 */ = {isa = PBXFileReference; fileEncoding = 4; lastKnownFileType = text; path = "lt~obsolete.m4"; sourceTree = "<group>"; };
		B24DBCC21D3298D300C80369 /* h2_proxy_util.c */ = {isa = PBXFileReference; fileEncoding = 4; lastKnownFileType = sourcecode.c.c; path = h2_proxy_util.c; sourceTree = "<group>"; };
		B24DBCC31D3298D300C80369 /* h2_proxy_util.h */ = {isa = PBXFileReference; fileEncoding = 4; lastKnownFileType = sourcecode.c.h; path = h2_proxy_util.h; sourceTree = "<group>"; };
		B25096C01CC4E66F002E8B04 /* h2_ngn_shed.c */ = {isa = PBXFileReference; fileEncoding = 4; lastKnownFileType = sourcecode.c.c; path = h2_ngn_shed.c; sourceTree = "<group>"; };
		B25096C11CC4E66F002E8B04 /* h2_ngn_shed.h */ = {isa = PBXFileReference; fileEncoding = 4; lastKnownFileType = sourcecode.c.h; path = h2_ngn_shed.h; sourceTree = "<group>"; };
		B25096C21CC4E66F002E8B04 /* h2.h */ = {isa = PBXFileReference; fileEncoding = 4; lastKnownFileType = sourcecode.c.h; path = h2.h; sourceTree = "<group>"; };
		B25096C41CC4F132002E8B04 /* h2_bucket_beam.c */ = {isa = PBXFileReference; fileEncoding = 4; lastKnownFileType = sourcecode.c.c; path = h2_bucket_beam.c; sourceTree = "<group>"; };
		B25096C51CC4F132002E8B04 /* h2_bucket_beam.h */ = {isa = PBXFileReference; fileEncoding = 4; lastKnownFileType = sourcecode.c.h; path = h2_bucket_beam.h; sourceTree = "<group>"; };
		B25096C61CC65E27002E8B04 /* h2_proxy_session.c */ = {isa = PBXFileReference; fileEncoding = 4; lastKnownFileType = sourcecode.c.c; path = h2_proxy_session.c; sourceTree = "<group>"; };
		B25096C71CC65E27002E8B04 /* h2_proxy_session.h */ = {isa = PBXFileReference; fileEncoding = 4; lastKnownFileType = sourcecode.c.h; path = h2_proxy_session.h; sourceTree = "<group>"; };
		B25096C81CC65E27002E8B04 /* mod_proxy_http2.c */ = {isa = PBXFileReference; fileEncoding = 4; lastKnownFileType = sourcecode.c.c; path = mod_proxy_http2.c; sourceTree = "<group>"; };
		B25096C91CC65E27002E8B04 /* mod_proxy_http2.h */ = {isa = PBXFileReference; fileEncoding = 4; lastKnownFileType = sourcecode.c.h; path = mod_proxy_http2.h; sourceTree = "<group>"; };
		B25574691BEB6EFC0058F97B /* config.h.in */ = {isa = PBXFileReference; fileEncoding = 4; lastKnownFileType = text; path = config.h.in; sourceTree = "<group>"; };
		B255746A1BEB6EFC0058F97B /* h2_alt_svc.c */ = {isa = PBXFileReference; fileEncoding = 4; lastKnownFileType = sourcecode.c.c; path = h2_alt_svc.c; sourceTree = "<group>"; };
		B255746B1BEB6EFC0058F97B /* h2_alt_svc.h */ = {isa = PBXFileReference; fileEncoding = 4; lastKnownFileType = sourcecode.c.h; path = h2_alt_svc.h; sourceTree = "<group>"; };
		B255746E1BEB6EFC0058F97B /* h2_bucket_eos.c */ = {isa = PBXFileReference; fileEncoding = 4; lastKnownFileType = sourcecode.c.c; path = h2_bucket_eos.c; sourceTree = "<group>"; };
		B255746F1BEB6EFC0058F97B /* h2_bucket_eos.h */ = {isa = PBXFileReference; fileEncoding = 4; lastKnownFileType = sourcecode.c.h; path = h2_bucket_eos.h; sourceTree = "<group>"; };
		B25574701BEB6EFC0058F97B /* h2_config.c */ = {isa = PBXFileReference; fileEncoding = 4; lastKnownFileType = sourcecode.c.c; path = h2_config.c; sourceTree = "<group>"; };
		B25574711BEB6EFC0058F97B /* h2_config.h */ = {isa = PBXFileReference; fileEncoding = 4; lastKnownFileType = sourcecode.c.h; path = h2_config.h; sourceTree = "<group>"; };
		B25574721BEB6EFC0058F97B /* h2_conn.c */ = {isa = PBXFileReference; fileEncoding = 4; lastKnownFileType = sourcecode.c.c; path = h2_conn.c; sourceTree = "<group>"; };
		B25574731BEB6EFC0058F97B /* h2_conn.h */ = {isa = PBXFileReference; fileEncoding = 4; lastKnownFileType = sourcecode.c.h; path = h2_conn.h; sourceTree = "<group>"; };
		B25574741BEB6EFC0058F97B /* h2_conn_io.c */ = {isa = PBXFileReference; fileEncoding = 4; lastKnownFileType = sourcecode.c.c; path = h2_conn_io.c; sourceTree = "<group>"; };
		B25574751BEB6EFC0058F97B /* h2_conn_io.h */ = {isa = PBXFileReference; fileEncoding = 4; lastKnownFileType = sourcecode.c.h; path = h2_conn_io.h; sourceTree = "<group>"; };
		B25574761BEB6EFC0058F97B /* h2_ctx.c */ = {isa = PBXFileReference; fileEncoding = 4; lastKnownFileType = sourcecode.c.c; path = h2_ctx.c; sourceTree = "<group>"; };
		B25574771BEB6EFC0058F97B /* h2_ctx.h */ = {isa = PBXFileReference; fileEncoding = 4; lastKnownFileType = sourcecode.c.h; path = h2_ctx.h; sourceTree = "<group>"; };
		B25574781BEB6EFC0058F97B /* h2_from_h1.c */ = {isa = PBXFileReference; fileEncoding = 4; lastKnownFileType = sourcecode.c.c; path = h2_from_h1.c; sourceTree = "<group>"; };
		B25574791BEB6EFC0058F97B /* h2_from_h1.h */ = {isa = PBXFileReference; fileEncoding = 4; lastKnownFileType = sourcecode.c.h; path = h2_from_h1.h; sourceTree = "<group>"; };
		B255747A1BEB6EFC0058F97B /* h2_h2.c */ = {isa = PBXFileReference; fileEncoding = 4; lastKnownFileType = sourcecode.c.c; path = h2_h2.c; sourceTree = "<group>"; };
		B255747B1BEB6EFC0058F97B /* h2_h2.h */ = {isa = PBXFileReference; fileEncoding = 4; lastKnownFileType = sourcecode.c.h; path = h2_h2.h; sourceTree = "<group>"; };
		B25574801BEB6EFC0058F97B /* h2_mplx.c */ = {isa = PBXFileReference; fileEncoding = 4; lastKnownFileType = sourcecode.c.c; path = h2_mplx.c; sourceTree = "<group>"; };
		B25574811BEB6EFC0058F97B /* h2_mplx.h */ = {isa = PBXFileReference; fileEncoding = 4; lastKnownFileType = sourcecode.c.h; path = h2_mplx.h; sourceTree = "<group>"; };
		B25574821BEB6EFC0058F97B /* h2_private.h */ = {isa = PBXFileReference; fileEncoding = 4; lastKnownFileType = sourcecode.c.h; path = h2_private.h; sourceTree = "<group>"; };
		B25574831BEB6EFC0058F97B /* h2_request.c */ = {isa = PBXFileReference; fileEncoding = 4; lastKnownFileType = sourcecode.c.c; path = h2_request.c; sourceTree = "<group>"; };
		B25574841BEB6EFC0058F97B /* h2_request.h */ = {isa = PBXFileReference; fileEncoding = 4; lastKnownFileType = sourcecode.c.h; path = h2_request.h; sourceTree = "<group>"; };
		B25574871BEB6EFC0058F97B /* h2_session.c */ = {isa = PBXFileReference; fileEncoding = 4; lastKnownFileType = sourcecode.c.c; path = h2_session.c; sourceTree = "<group>"; };
		B25574881BEB6EFC0058F97B /* h2_session.h */ = {isa = PBXFileReference; fileEncoding = 4; lastKnownFileType = sourcecode.c.h; path = h2_session.h; sourceTree = "<group>"; };
		B25574891BEB6EFC0058F97B /* h2_stream.c */ = {isa = PBXFileReference; fileEncoding = 4; lastKnownFileType = sourcecode.c.c; path = h2_stream.c; sourceTree = "<group>"; };
		B255748A1BEB6EFC0058F97B /* h2_stream.h */ = {isa = PBXFileReference; fileEncoding = 4; lastKnownFileType = sourcecode.c.h; path = h2_stream.h; sourceTree = "<group>"; };
		B255748D1BEB6EFC0058F97B /* h2_switch.c */ = {isa = PBXFileReference; fileEncoding = 4; lastKnownFileType = sourcecode.c.c; path = h2_switch.c; sourceTree = "<group>"; };
		B255748E1BEB6EFC0058F97B /* h2_switch.h */ = {isa = PBXFileReference; fileEncoding = 4; lastKnownFileType = sourcecode.c.h; path = h2_switch.h; sourceTree = "<group>"; };
		B255748F1BEB6EFC0058F97B /* h2_task.c */ = {isa = PBXFileReference; fileEncoding = 4; lastKnownFileType = sourcecode.c.c; path = h2_task.c; sourceTree = "<group>"; };
		B25574901BEB6EFC0058F97B /* h2_task.h */ = {isa = PBXFileReference; fileEncoding = 4; lastKnownFileType = sourcecode.c.h; path = h2_task.h; sourceTree = "<group>"; };
		B25574991BEB6EFC0058F97B /* h2_util.c */ = {isa = PBXFileReference; fileEncoding = 4; lastKnownFileType = sourcecode.c.c; path = h2_util.c; sourceTree = "<group>"; };
		B255749A1BEB6EFC0058F97B /* h2_util.h */ = {isa = PBXFileReference; fileEncoding = 4; lastKnownFileType = sourcecode.c.h; path = h2_util.h; sourceTree = "<group>"; };
		B255749C1BEB6EFC0058F97B /* h2_version.h.in */ = {isa = PBXFileReference; fileEncoding = 4; lastKnownFileType = text; path = h2_version.h.in; sourceTree = "<group>"; };
		B255749F1BEB6EFC0058F97B /* h2_workers.c */ = {isa = PBXFileReference; fileEncoding = 4; lastKnownFileType = sourcecode.c.c; path = h2_workers.c; sourceTree = "<group>"; };
		B25574A01BEB6EFC0058F97B /* h2_workers.h */ = {isa = PBXFileReference; fileEncoding = 4; lastKnownFileType = sourcecode.c.h; path = h2_workers.h; sourceTree = "<group>"; };
		B25574A21BEB6EFC0058F97B /* h2.m4 */ = {isa = PBXFileReference; fileEncoding = 4; lastKnownFileType = text; path = h2.m4; sourceTree = "<group>"; };
		B25574A41BEB6EFC0058F97B /* Makefile.am */ = {isa = PBXFileReference; fileEncoding = 4; lastKnownFileType = text; path = Makefile.am; sourceTree = "<group>"; };
		B25574A71BEB6EFC0058F97B /* mod_http2.c */ = {isa = PBXFileReference; fileEncoding = 4; lastKnownFileType = sourcecode.c.c; path = mod_http2.c; sourceTree = "<group>"; };
		B256C4BA1ADD5FF10042C760 /* README.md */ = {isa = PBXFileReference; fileEncoding = 4; lastKnownFileType = net.daringfireball.markdown; path = README.md; sourceTree = "<group>"; };
		B277B814221310B800A41B44 /* test_500_proxy.py */ = {isa = PBXFileReference; lastKnownFileType = text.script.python; path = test_500_proxy.py; sourceTree = "<group>"; };
		B277B8162214576300A41B44 /* test_005_status.py */ = {isa = PBXFileReference; lastKnownFileType = text.script.python; path = test_005_status.py; sourceTree = "<group>"; };
		B277B8172214582600A41B44 /* TestHttpdConf.py */ = {isa = PBXFileReference; lastKnownFileType = text.script.python; path = TestHttpdConf.py; sourceTree = "<group>"; };
		B277B81822145FA500A41B44 /* test_006_assets.py */ = {isa = PBXFileReference; lastKnownFileType = text.script.python; path = test_006_assets.py; sourceTree = "<group>"; };
		B277B8192215867600A41B44 /* test_000_infra.py */ = {isa = PBXFileReference; lastKnownFileType = text.script.python; path = test_000_infra.py; sourceTree = "<group>"; };
		B277B81B221588C200A41B44 /* nghttp-output-100k-1.txt */ = {isa = PBXFileReference; fileEncoding = 4; lastKnownFileType = text; path = "nghttp-output-100k-1.txt"; sourceTree = "<group>"; };
		B277B81C22158D2400A41B44 /* nghttp-output-1k-1.txt */ = {isa = PBXFileReference; lastKnownFileType = text; path = "nghttp-output-1k-1.txt"; sourceTree = "<group>"; };
		B277B81D22158D9D00A41B44 /* nghttp-output-10k-1.txt */ = {isa = PBXFileReference; lastKnownFileType = text; path = "nghttp-output-10k-1.txt"; sourceTree = "<group>"; };
		B27BBD2D1A6575C200C58A41 /* README */ = {isa = PBXFileReference; lastKnownFileType = text; path = README; sourceTree = "<group>"; };
		B297A7BC213D6AAD0096F0D7 /* test_102_require.py */ = {isa = PBXFileReference; lastKnownFileType = text.script.python; path = test_102_require.py; sourceTree = "<group>"; };
		B297A7BD213D6C830096F0D7 /* test_103_upgrade.py */ = {isa = PBXFileReference; lastKnownFileType = text.script.python; path = test_103_upgrade.py; sourceTree = "<group>"; };
		B297A7BE213D7A5B0096F0D7 /* test_200_header_invalid.py */ = {isa = PBXFileReference; lastKnownFileType = text.script.python; path = test_200_header_invalid.py; sourceTree = "<group>"; };
		B297A7BF213D7AA20096F0D7 /* hecho.py */ = {isa = PBXFileReference; lastKnownFileType = text.script.python; path = hecho.py; sourceTree = "<group>"; };
		B297A7C0213EA9BF0096F0D7 /* test_201_header_conditional.py */ = {isa = PBXFileReference; lastKnownFileType = text.script.python; path = test_201_header_conditional.py; sourceTree = "<group>"; };
		B297A7C2213EB14B0096F0D7 /* test_202_trailer.py */ = {isa = PBXFileReference; fileEncoding = 4; lastKnownFileType = text.script.python; path = test_202_trailer.py; sourceTree = "<group>"; };
		B297A7C3213EBA780096F0D7 /* echo.py */ = {isa = PBXFileReference; lastKnownFileType = text.script.python; path = echo.py; sourceTree = "<group>"; };
		B297A7C4213EBC820096F0D7 /* echohd.py */ = {isa = PBXFileReference; lastKnownFileType = text.script.python; path = echohd.py; sourceTree = "<group>"; };
		B297A7C5213EC28D0096F0D7 /* test_300_interim.py */ = {isa = PBXFileReference; lastKnownFileType = text.script.python; path = test_300_interim.py; sourceTree = "<group>"; };
		B297A7C6214285970096F0D7 /* test_400_push.py */ = {isa = PBXFileReference; lastKnownFileType = text.script.python; path = test_400_push.py; sourceTree = "<group>"; };
		B297A7C721429E8D0096F0D7 /* TestNghttp.py */ = {isa = PBXFileReference; lastKnownFileType = text.script.python; path = TestNghttp.py; sourceTree = "<group>"; };
		B2990D411DA28DD900F2B9BA /* h2_headers.c */ = {isa = PBXFileReference; fileEncoding = 4; lastKnownFileType = sourcecode.c.c; path = h2_headers.c; sourceTree = "<group>"; };
		B2990D421DA28DD900F2B9BA /* h2_headers.h */ = {isa = PBXFileReference; fileEncoding = 4; lastKnownFileType = sourcecode.c.h; path = h2_headers.h; sourceTree = "<group>"; };
		B2A6EF2A1A9E3A93005DFC5B /* INSTALL */ = {isa = PBXFileReference; fileEncoding = 4; lastKnownFileType = text; path = INSTALL; sourceTree = "<group>"; };
		B2A6EF2C1A9F2452005DFC5B /* DISCUSS */ = {isa = PBXFileReference; fileEncoding = 4; lastKnownFileType = text; path = DISCUSS; sourceTree = "<group>"; };
		B2AB9AB71C2ADBE100908DD6 /* h2_filter.c */ = {isa = PBXFileReference; fileEncoding = 4; lastKnownFileType = sourcecode.c.c; path = h2_filter.c; sourceTree = "<group>"; };
		B2AB9AB81C2ADBE100908DD6 /* h2_filter.h */ = {isa = PBXFileReference; fileEncoding = 4; lastKnownFileType = sourcecode.c.h; path = h2_filter.h; sourceTree = "<group>"; };
		B2AB9AB91C2ADBE100908DD6 /* h2_push.c */ = {isa = PBXFileReference; fileEncoding = 4; lastKnownFileType = sourcecode.c.c; path = h2_push.c; sourceTree = "<group>"; };
		B2AB9ABA1C2ADBE100908DD6 /* h2_push.h */ = {isa = PBXFileReference; fileEncoding = 4; lastKnownFileType = sourcecode.c.h; path = h2_push.h; sourceTree = "<group>"; };
		B2AB9ABB1C2ADBE100908DD6 /* h2_version.h */ = {isa = PBXFileReference; fileEncoding = 4; lastKnownFileType = sourcecode.c.h; path = h2_version.h; sourceTree = "<group>"; };
		B2AB9ABC1C2ADBE100908DD6 /* mod_http2.h */ = {isa = PBXFileReference; fileEncoding = 4; lastKnownFileType = sourcecode.c.h; path = mod_http2.h; sourceTree = "<group>"; };
		B2AEB19D21186ED60034C7CB /* Makefile.am */ = {isa = PBXFileReference; lastKnownFileType = text; path = Makefile.am; sourceTree = "<group>"; };
		B2AEB1A52118745F0034C7CB /* test_common.h */ = {isa = PBXFileReference; fileEncoding = 4; lastKnownFileType = sourcecode.c.h; path = test_common.h; sourceTree = "<group>"; };
		B2AEB1A62118745F0034C7CB /* test_h2_util.c */ = {isa = PBXFileReference; fileEncoding = 4; lastKnownFileType = sourcecode.c.c; path = test_h2_util.c; sourceTree = "<group>"; };
		B2AEB1A72118745F0034C7CB /* main.c */ = {isa = PBXFileReference; fileEncoding = 4; lastKnownFileType = sourcecode.c.c; path = main.c; sourceTree = "<group>"; };
		B2C1BDF721E38322002EF7B4 /* test_401_early_hints.py */ = {isa = PBXFileReference; lastKnownFileType = text.script.python; path = test_401_early_hints.py; sourceTree = "<group>"; };
		B2D2D2CA2136D5CE00D8F6B7 /* req_exts.conf */ = {isa = PBXFileReference; fileEncoding = 4; lastKnownFileType = text; path = req_exts.conf; sourceTree = "<group>"; };
		B2D2D2CB2136D5CE00D8F6B7 /* req_template.conf */ = {isa = PBXFileReference; fileEncoding = 4; lastKnownFileType = text; path = req_template.conf; sourceTree = "<group>"; };
		B2D2D2D22136D5CE00D8F6B7 /* test_001_httpd_alive.py */ = {isa = PBXFileReference; fileEncoding = 4; lastKnownFileType = text.script.python; path = test_001_httpd_alive.py; sourceTree = "<group>"; };
		B2D2D2D32136D5CE00D8F6B7 /* test_100_conn_reuse.py */ = {isa = PBXFileReference; fileEncoding = 4; lastKnownFileType = text.script.python; path = test_100_conn_reuse.py; sourceTree = "<group>"; };
		B2D2D2D42136D5CE00D8F6B7 /* test_004_post.py */ = {isa = PBXFileReference; fileEncoding = 4; lastKnownFileType = text.script.python; path = test_004_post.py; sourceTree = "<group>"; };
		B2D2D2D52136D5CE00D8F6B7 /* TestEnv.py */ = {isa = PBXFileReference; fileEncoding = 4; lastKnownFileType = text.script.python; path = TestEnv.py; sourceTree = "<group>"; };
		B2D2D2D62136D5CE00D8F6B7 /* config.ini.in */ = {isa = PBXFileReference; fileEncoding = 4; lastKnownFileType = text; path = config.ini.in; sourceTree = "<group>"; };
		B2D2D2E22136D5CE00D8F6B7 /* test_002_curl_basics.py */ = {isa = PBXFileReference; fileEncoding = 4; lastKnownFileType = text.script.python; path = test_002_curl_basics.py; sourceTree = "<group>"; };
		B2D2D2E62136D5CE00D8F6B7 /* 002.jpg */ = {isa = PBXFileReference; lastKnownFileType = image.jpeg; path = 002.jpg; sourceTree = "<group>"; };
		B2D2D2E72136D5CE00D8F6B7 /* 004.html */ = {isa = PBXFileReference; fileEncoding = 4; lastKnownFileType = text.html; path = 004.html; sourceTree = "<group>"; };
		B2D2D2E82136D5CE00D8F6B7 /* index.html */ = {isa = PBXFileReference; fileEncoding = 4; lastKnownFileType = text.html; path = index.html; sourceTree = "<group>"; };
		B2D2D2E92136D5CE00D8F6B7 /* 009.py */ = {isa = PBXFileReference; fileEncoding = 4; lastKnownFileType = text.script.python; path = 009.py; sourceTree = "<group>"; };
		B2D2D2EB2136D5CE00D8F6B7 /* 007.py */ = {isa = PBXFileReference; fileEncoding = 4; lastKnownFileType = text.script.python; path = 007.py; sourceTree = "<group>"; };
		B2D2D2ED2136D5CE00D8F6B7 /* 006.js */ = {isa = PBXFileReference; fileEncoding = 4; lastKnownFileType = sourcecode.javascript; path = 006.js; sourceTree = "<group>"; };
		B2D2D2EE2136D5CE00D8F6B7 /* 006.css */ = {isa = PBXFileReference; fileEncoding = 4; lastKnownFileType = text.css; path = 006.css; sourceTree = "<group>"; };
		B2D2D2EF2136D5CE00D8F6B7 /* header.html */ = {isa = PBXFileReference; fileEncoding = 4; lastKnownFileType = text.html; path = header.html; sourceTree = "<group>"; };
		B2D2D2F12136D5CE00D8F6B7 /* 003.html */ = {isa = PBXFileReference; fileEncoding = 4; lastKnownFileType = text.html; path = 003.html; sourceTree = "<group>"; };
		B2D2D2F22136D5CE00D8F6B7 /* 001.html */ = {isa = PBXFileReference; fileEncoding = 4; lastKnownFileType = text.html; path = 001.html; sourceTree = "<group>"; };
		B2D2D2F32136D5CE00D8F6B7 /* apache.org.html */ = {isa = PBXFileReference; fileEncoding = 4; lastKnownFileType = text.html; path = apache.org.html; sourceTree = "<group>"; };
		B2D2D2F52136D5CE00D8F6B7 /* 003_img.jpg */ = {isa = PBXFileReference; lastKnownFileType = image.jpeg; path = 003_img.jpg; sourceTree = "<group>"; };
		B2D2D2F72136D5CE00D8F6B7 /* jquery-2.js */ = {isa = PBXFileReference; fileEncoding = 4; lastKnownFileType = sourcecode.javascript; path = "jquery-2.js"; sourceTree = "<group>"; };
		B2D2D2F82136D5CE00D8F6B7 /* async-ads.js.br */ = {isa = PBXFileReference; lastKnownFileType = file; path = "async-ads.js.br"; sourceTree = "<group>"; };
		B2D2D2F92136D5CE00D8F6B7 /* styles.css */ = {isa = PBXFileReference; fileEncoding = 4; lastKnownFileType = text.css; path = styles.css; sourceTree = "<group>"; };
		B2D2D2FA2136D5CE00D8F6B7 /* min.css.br */ = {isa = PBXFileReference; lastKnownFileType = file; path = min.css.br; sourceTree = "<group>"; };
		B2D2D2FB2136D5CE00D8F6B7 /* min.css */ = {isa = PBXFileReference; fileEncoding = 4; lastKnownFileType = text.css; path = min.css; sourceTree = "<group>"; };
		B2D2D2FC2136D5CE00D8F6B7 /* defaulten.css */ = {isa = PBXFileReference; fileEncoding = 4; lastKnownFileType = text.css; path = defaulten.css; sourceTree = "<group>"; };
		B2D2D2FD2136D5CE00D8F6B7 /* ant.jpg */ = {isa = PBXFileReference; lastKnownFileType = image.jpeg; path = ant.jpg; sourceTree = "<group>"; };
		B2D2D2FE2136D5CE00D8F6B7 /* cse.js */ = {isa = PBXFileReference; fileEncoding = 4; lastKnownFileType = sourcecode.javascript; path = cse.js; sourceTree = "<group>"; };
		B2D2D2FF2136D5CE00D8F6B7 /* css.css */ = {isa = PBXFileReference; fileEncoding = 4; lastKnownFileType = text.css; path = css.css; sourceTree = "<group>"; };
		B2D2D3002136D5CE00D8F6B7 /* default.css */ = {isa = PBXFileReference; fileEncoding = 4; lastKnownFileType = text.css; path = default.css; sourceTree = "<group>"; };
		B2D2D3012136D5CE00D8F6B7 /* search_box_icon.png */ = {isa = PBXFileReference; lastKnownFileType = image.png; path = search_box_icon.png; sourceTree = "<group>"; };
		B2D2D3022136D5CE00D8F6B7 /* mrunit.jpg */ = {isa = PBXFileReference; lastKnownFileType = image.jpeg; path = mrunit.jpg; sourceTree = "<group>"; };
		B2D2D3032136D5CE00D8F6B7 /* synapse.jpg */ = {isa = PBXFileReference; lastKnownFileType = image.jpeg; path = synapse.jpg; sourceTree = "<group>"; };
		B2D2D3042136D5CE00D8F6B7 /* async-ads.js */ = {isa = PBXFileReference; fileEncoding = 4; lastKnownFileType = sourcecode.javascript; path = "async-ads.js"; sourceTree = "<group>"; };
		B2D2D3052136D5CE00D8F6B7 /* small-logo.png */ = {isa = PBXFileReference; lastKnownFileType = image.png; path = "small-logo.png"; sourceTree = "<group>"; };
		B2D2D3062136D5CE00D8F6B7 /* asf_logo.png */ = {isa = PBXFileReference; lastKnownFileType = image.png; path = asf_logo.png; sourceTree = "<group>"; };
		B2D2D3072136D5CE00D8F6B7 /* defaulten.js */ = {isa = PBXFileReference; fileEncoding = 4; lastKnownFileType = sourcecode.javascript; path = defaulten.js; sourceTree = "<group>"; };
		B2D2D3082136D5CE00D8F6B7 /* jsapi.js */ = {isa = PBXFileReference; fileEncoding = 4; lastKnownFileType = sourcecode.javascript; path = jsapi.js; sourceTree = "<group>"; };
		B2D2D30A2136D5CE00D8F6B7 /* gophertiles_176.jpg */ = {isa = PBXFileReference; lastKnownFileType = image.jpeg; path = gophertiles_176.jpg; sourceTree = "<group>"; };
		B2D2D30B2136D5CE00D8F6B7 /* gophertiles_162.jpg */ = {isa = PBXFileReference; lastKnownFileType = image.jpeg; path = gophertiles_162.jpg; sourceTree = "<group>"; };
		B2D2D30C2136D5CE00D8F6B7 /* gophertiles_002.jpg */ = {isa = PBXFileReference; lastKnownFileType = image.jpeg; path = gophertiles_002.jpg; sourceTree = "<group>"; };
		B2D2D30D2136D5CE00D8F6B7 /* gophertiles_016.jpg */ = {isa = PBXFileReference; lastKnownFileType = image.jpeg; path = gophertiles_016.jpg; sourceTree = "<group>"; };
		B2D2D30E2136D5CE00D8F6B7 /* gophertiles_017.jpg */ = {isa = PBXFileReference; lastKnownFileType = image.jpeg; path = gophertiles_017.jpg; sourceTree = "<group>"; };
		B2D2D30F2136D5CE00D8F6B7 /* gophertiles_003.jpg */ = {isa = PBXFileReference; lastKnownFileType = image.jpeg; path = gophertiles_003.jpg; sourceTree = "<group>"; };
		B2D2D3102136D5CE00D8F6B7 /* gophertiles_163.jpg */ = {isa = PBXFileReference; lastKnownFileType = image.jpeg; path = gophertiles_163.jpg; sourceTree = "<group>"; };
		B2D2D3112136D5CE00D8F6B7 /* gophertiles_177.jpg */ = {isa = PBXFileReference; lastKnownFileType = image.jpeg; path = gophertiles_177.jpg; sourceTree = "<group>"; };
		B2D2D3122136D5CE00D8F6B7 /* gophertiles_161.jpg */ = {isa = PBXFileReference; lastKnownFileType = image.jpeg; path = gophertiles_161.jpg; sourceTree = "<group>"; };
		B2D2D3132136D5CE00D8F6B7 /* gophertiles_175.jpg */ = {isa = PBXFileReference; lastKnownFileType = image.jpeg; path = gophertiles_175.jpg; sourceTree = "<group>"; };
		B2D2D3142136D5CE00D8F6B7 /* gophertiles_149.jpg */ = {isa = PBXFileReference; lastKnownFileType = image.jpeg; path = gophertiles_149.jpg; sourceTree = "<group>"; };
		B2D2D3152136D5CE00D8F6B7 /* gophertiles_015.jpg */ = {isa = PBXFileReference; lastKnownFileType = image.jpeg; path = gophertiles_015.jpg; sourceTree = "<group>"; };
		B2D2D3162136D5CE00D8F6B7 /* gophertiles_029.jpg */ = {isa = PBXFileReference; lastKnownFileType = image.jpeg; path = gophertiles_029.jpg; sourceTree = "<group>"; };
		B2D2D3172136D5CE00D8F6B7 /* gophertiles_028.jpg */ = {isa = PBXFileReference; lastKnownFileType = image.jpeg; path = gophertiles_028.jpg; sourceTree = "<group>"; };
		B2D2D3182136D5CE00D8F6B7 /* gophertiles_014.jpg */ = {isa = PBXFileReference; lastKnownFileType = image.jpeg; path = gophertiles_014.jpg; sourceTree = "<group>"; };
		B2D2D3192136D5CE00D8F6B7 /* gophertiles_148.jpg */ = {isa = PBXFileReference; lastKnownFileType = image.jpeg; path = gophertiles_148.jpg; sourceTree = "<group>"; };
		B2D2D31A2136D5CE00D8F6B7 /* gophertiles_174.jpg */ = {isa = PBXFileReference; lastKnownFileType = image.jpeg; path = gophertiles_174.jpg; sourceTree = "<group>"; };
		B2D2D31B2136D5CE00D8F6B7 /* gophertiles_160.jpg */ = {isa = PBXFileReference; lastKnownFileType = image.jpeg; path = gophertiles_160.jpg; sourceTree = "<group>"; };
		B2D2D31C2136D5CE00D8F6B7 /* gophertiles_158.jpg */ = {isa = PBXFileReference; lastKnownFileType = image.jpeg; path = gophertiles_158.jpg; sourceTree = "<group>"; };
		B2D2D31D2136D5CE00D8F6B7 /* gophertiles_164.jpg */ = {isa = PBXFileReference; lastKnownFileType = image.jpeg; path = gophertiles_164.jpg; sourceTree = "<group>"; };
		B2D2D31E2136D5CE00D8F6B7 /* gophertiles_170.jpg */ = {isa = PBXFileReference; lastKnownFileType = image.jpeg; path = gophertiles_170.jpg; sourceTree = "<group>"; };
		B2D2D31F2136D5CE00D8F6B7 /* gophertiles_038.jpg */ = {isa = PBXFileReference; lastKnownFileType = image.jpeg; path = gophertiles_038.jpg; sourceTree = "<group>"; };
		B2D2D3202136D5CE00D8F6B7 /* gophertiles_010.jpg */ = {isa = PBXFileReference; lastKnownFileType = image.jpeg; path = gophertiles_010.jpg; sourceTree = "<group>"; };
		B2D2D3212136D5CE00D8F6B7 /* gophertiles_004.jpg */ = {isa = PBXFileReference; lastKnownFileType = image.jpeg; path = gophertiles_004.jpg; sourceTree = "<group>"; };
		B2D2D3222136D5CE00D8F6B7 /* gophertiles_005.jpg */ = {isa = PBXFileReference; lastKnownFileType = image.jpeg; path = gophertiles_005.jpg; sourceTree = "<group>"; };
		B2D2D3232136D5CE00D8F6B7 /* gophertiles_011.jpg */ = {isa = PBXFileReference; lastKnownFileType = image.jpeg; path = gophertiles_011.jpg; sourceTree = "<group>"; };
		B2D2D3242136D5CE00D8F6B7 /* gophertiles_039.jpg */ = {isa = PBXFileReference; lastKnownFileType = image.jpeg; path = gophertiles_039.jpg; sourceTree = "<group>"; };
		B2D2D3252136D5CE00D8F6B7 /* gophertiles_171.jpg */ = {isa = PBXFileReference; lastKnownFileType = image.jpeg; path = gophertiles_171.jpg; sourceTree = "<group>"; };
		B2D2D3262136D5CE00D8F6B7 /* gophertiles_165.jpg */ = {isa = PBXFileReference; lastKnownFileType = image.jpeg; path = gophertiles_165.jpg; sourceTree = "<group>"; };
		B2D2D3272136D5CE00D8F6B7 /* gophertiles_159.jpg */ = {isa = PBXFileReference; lastKnownFileType = image.jpeg; path = gophertiles_159.jpg; sourceTree = "<group>"; };
		B2D2D3282136D5CE00D8F6B7 /* gophertiles_173.jpg */ = {isa = PBXFileReference; lastKnownFileType = image.jpeg; path = gophertiles_173.jpg; sourceTree = "<group>"; };
		B2D2D3292136D5CE00D8F6B7 /* gophertiles_167.jpg */ = {isa = PBXFileReference; lastKnownFileType = image.jpeg; path = gophertiles_167.jpg; sourceTree = "<group>"; };
		B2D2D32A2136D5CE00D8F6B7 /* gophertiles_007.jpg */ = {isa = PBXFileReference; lastKnownFileType = image.jpeg; path = gophertiles_007.jpg; sourceTree = "<group>"; };
		B2D2D32B2136D5CE00D8F6B7 /* gophertiles_013.jpg */ = {isa = PBXFileReference; lastKnownFileType = image.jpeg; path = gophertiles_013.jpg; sourceTree = "<group>"; };
		B2D2D32C2136D5CE00D8F6B7 /* gophertiles_012.jpg */ = {isa = PBXFileReference; lastKnownFileType = image.jpeg; path = gophertiles_012.jpg; sourceTree = "<group>"; };
		B2D2D32D2136D5CE00D8F6B7 /* gophertiles_006.jpg */ = {isa = PBXFileReference; lastKnownFileType = image.jpeg; path = gophertiles_006.jpg; sourceTree = "<group>"; };
		B2D2D32E2136D5CE00D8F6B7 /* gophertiles_166.jpg */ = {isa = PBXFileReference; lastKnownFileType = image.jpeg; path = gophertiles_166.jpg; sourceTree = "<group>"; };
		B2D2D32F2136D5CE00D8F6B7 /* gophertiles_172.jpg */ = {isa = PBXFileReference; lastKnownFileType = image.jpeg; path = gophertiles_172.jpg; sourceTree = "<group>"; };
		B2D2D3302136D5CE00D8F6B7 /* gophertiles_115.jpg */ = {isa = PBXFileReference; lastKnownFileType = image.jpeg; path = gophertiles_115.jpg; sourceTree = "<group>"; };
		B2D2D3312136D5CE00D8F6B7 /* gophertiles_101.jpg */ = {isa = PBXFileReference; lastKnownFileType = image.jpeg; path = gophertiles_101.jpg; sourceTree = "<group>"; };
		B2D2D3322136D5CE00D8F6B7 /* gophertiles_129.jpg */ = {isa = PBXFileReference; lastKnownFileType = image.jpeg; path = gophertiles_129.jpg; sourceTree = "<group>"; };
		B2D2D3332136D5CE00D8F6B7 /* gophertiles_061.jpg */ = {isa = PBXFileReference; lastKnownFileType = image.jpeg; path = gophertiles_061.jpg; sourceTree = "<group>"; };
		B2D2D3342136D5CE00D8F6B7 /* gophertiles_075.jpg */ = {isa = PBXFileReference; lastKnownFileType = image.jpeg; path = gophertiles_075.jpg; sourceTree = "<group>"; };
		B2D2D3352136D5CE00D8F6B7 /* gophertiles_049.jpg */ = {isa = PBXFileReference; lastKnownFileType = image.jpeg; path = gophertiles_049.jpg; sourceTree = "<group>"; };
		B2D2D3362136D5CE00D8F6B7 /* gophertiles_048.jpg */ = {isa = PBXFileReference; lastKnownFileType = image.jpeg; path = gophertiles_048.jpg; sourceTree = "<group>"; };
		B2D2D3372136D5CE00D8F6B7 /* gophertiles_074.jpg */ = {isa = PBXFileReference; lastKnownFileType = image.jpeg; path = gophertiles_074.jpg; sourceTree = "<group>"; };
		B2D2D3382136D5CE00D8F6B7 /* gophertiles_060.jpg */ = {isa = PBXFileReference; lastKnownFileType = image.jpeg; path = gophertiles_060.jpg; sourceTree = "<group>"; };
		B2D2D3392136D5CE00D8F6B7 /* gophertiles_128.jpg */ = {isa = PBXFileReference; lastKnownFileType = image.jpeg; path = gophertiles_128.jpg; sourceTree = "<group>"; };
		B2D2D33A2136D5CE00D8F6B7 /* gophertiles_100.jpg */ = {isa = PBXFileReference; lastKnownFileType = image.jpeg; path = gophertiles_100.jpg; sourceTree = "<group>"; };
		B2D2D33B2136D5CE00D8F6B7 /* gophertiles_114.jpg */ = {isa = PBXFileReference; lastKnownFileType = image.jpeg; path = gophertiles_114.jpg; sourceTree = "<group>"; };
		B2D2D33C2136D5CE00D8F6B7 /* gophertiles_102.jpg */ = {isa = PBXFileReference; lastKnownFileType = image.jpeg; path = gophertiles_102.jpg; sourceTree = "<group>"; };
		B2D2D33D2136D5CE00D8F6B7 /* gophertiles_116.jpg */ = {isa = PBXFileReference; lastKnownFileType = image.jpeg; path = gophertiles_116.jpg; sourceTree = "<group>"; };
		B2D2D33E2136D5CE00D8F6B7 /* gophertiles_076.jpg */ = {isa = PBXFileReference; lastKnownFileType = image.jpeg; path = gophertiles_076.jpg; sourceTree = "<group>"; };
		B2D2D33F2136D5CE00D8F6B7 /* gophertiles_062.jpg */ = {isa = PBXFileReference; lastKnownFileType = image.jpeg; path = gophertiles_062.jpg; sourceTree = "<group>"; };
		B2D2D3402136D5CE00D8F6B7 /* gophertiles_089.jpg */ = {isa = PBXFileReference; lastKnownFileType = image.jpeg; path = gophertiles_089.jpg; sourceTree = "<group>"; };
		B2D2D3412136D5CE00D8F6B7 /* gophertiles_088.jpg */ = {isa = PBXFileReference; lastKnownFileType = image.jpeg; path = gophertiles_088.jpg; sourceTree = "<group>"; };
		B2D2D3422136D5CE00D8F6B7 /* gophertiles_063.jpg */ = {isa = PBXFileReference; lastKnownFileType = image.jpeg; path = gophertiles_063.jpg; sourceTree = "<group>"; };
		B2D2D3432136D5CE00D8F6B7 /* gophertiles_077.jpg */ = {isa = PBXFileReference; lastKnownFileType = image.jpeg; path = gophertiles_077.jpg; sourceTree = "<group>"; };
		B2D2D3442136D5CE00D8F6B7 /* gophertiles_117.jpg */ = {isa = PBXFileReference; lastKnownFileType = image.jpeg; path = gophertiles_117.jpg; sourceTree = "<group>"; };
		B2D2D3452136D5CE00D8F6B7 /* gophertiles_103.jpg */ = {isa = PBXFileReference; lastKnownFileType = image.jpeg; path = gophertiles_103.jpg; sourceTree = "<group>"; };
		B2D2D3462136D5CE00D8F6B7 /* gophertiles_107.jpg */ = {isa = PBXFileReference; lastKnownFileType = image.jpeg; path = gophertiles_107.jpg; sourceTree = "<group>"; };
		B2D2D3472136D5CE00D8F6B7 /* gophertiles_113.jpg */ = {isa = PBXFileReference; lastKnownFileType = image.jpeg; path = gophertiles_113.jpg; sourceTree = "<group>"; };
		B2D2D3482136D5CE00D8F6B7 /* gophertiles_073.jpg */ = {isa = PBXFileReference; lastKnownFileType = image.jpeg; path = gophertiles_073.jpg; sourceTree = "<group>"; };
		B2D2D3492136D5CE00D8F6B7 /* gophertiles_067.jpg */ = {isa = PBXFileReference; lastKnownFileType = image.jpeg; path = gophertiles_067.jpg; sourceTree = "<group>"; };
		B2D2D34A2136D5CE00D8F6B7 /* gophertiles_098.jpg */ = {isa = PBXFileReference; lastKnownFileType = image.jpeg; path = gophertiles_098.jpg; sourceTree = "<group>"; };
		B2D2D34B2136D5CE00D8F6B7 /* gophertiles_099.jpg */ = {isa = PBXFileReference; lastKnownFileType = image.jpeg; path = gophertiles_099.jpg; sourceTree = "<group>"; };
		B2D2D34C2136D5CE00D8F6B7 /* gophertiles_066.jpg */ = {isa = PBXFileReference; lastKnownFileType = image.jpeg; path = gophertiles_066.jpg; sourceTree = "<group>"; };
		B2D2D34D2136D5CE00D8F6B7 /* gophertiles_072.jpg */ = {isa = PBXFileReference; lastKnownFileType = image.jpeg; path = gophertiles_072.jpg; sourceTree = "<group>"; };
		B2D2D34E2136D5CE00D8F6B7 /* gophertiles_112.jpg */ = {isa = PBXFileReference; lastKnownFileType = image.jpeg; path = gophertiles_112.jpg; sourceTree = "<group>"; };
		B2D2D34F2136D5CE00D8F6B7 /* gophertiles_106.jpg */ = {isa = PBXFileReference; lastKnownFileType = image.jpeg; path = gophertiles_106.jpg; sourceTree = "<group>"; };
		B2D2D3502136D5CE00D8F6B7 /* gophertiles_138.jpg */ = {isa = PBXFileReference; lastKnownFileType = image.jpeg; path = gophertiles_138.jpg; sourceTree = "<group>"; };
		B2D2D3512136D5CE00D8F6B7 /* gophertiles_110.jpg */ = {isa = PBXFileReference; lastKnownFileType = image.jpeg; path = gophertiles_110.jpg; sourceTree = "<group>"; };
		B2D2D3522136D5CE00D8F6B7 /* gophertiles_104.jpg */ = {isa = PBXFileReference; lastKnownFileType = image.jpeg; path = gophertiles_104.jpg; sourceTree = "<group>"; };
		B2D2D3532136D5CE00D8F6B7 /* gophertiles_058.jpg */ = {isa = PBXFileReference; lastKnownFileType = image.jpeg; path = gophertiles_058.jpg; sourceTree = "<group>"; };
		B2D2D3542136D5CE00D8F6B7 /* gophertiles_064.jpg */ = {isa = PBXFileReference; lastKnownFileType = image.jpeg; path = gophertiles_064.jpg; sourceTree = "<group>"; };
		B2D2D3552136D5CE00D8F6B7 /* gophertiles_070.jpg */ = {isa = PBXFileReference; lastKnownFileType = image.jpeg; path = gophertiles_070.jpg; sourceTree = "<group>"; };
		B2D2D3562136D5CE00D8F6B7 /* gophertiles_071.jpg */ = {isa = PBXFileReference; lastKnownFileType = image.jpeg; path = gophertiles_071.jpg; sourceTree = "<group>"; };
		B2D2D3572136D5CE00D8F6B7 /* gophertiles_065.jpg */ = {isa = PBXFileReference; lastKnownFileType = image.jpeg; path = gophertiles_065.jpg; sourceTree = "<group>"; };
		B2D2D3582136D5CE00D8F6B7 /* gophertiles_059.jpg */ = {isa = PBXFileReference; lastKnownFileType = image.jpeg; path = gophertiles_059.jpg; sourceTree = "<group>"; };
		B2D2D3592136D5CE00D8F6B7 /* gophertiles_105.jpg */ = {isa = PBXFileReference; lastKnownFileType = image.jpeg; path = gophertiles_105.jpg; sourceTree = "<group>"; };
		B2D2D35A2136D5CE00D8F6B7 /* gophertiles_111.jpg */ = {isa = PBXFileReference; lastKnownFileType = image.jpeg; path = gophertiles_111.jpg; sourceTree = "<group>"; };
		B2D2D35B2136D5CE00D8F6B7 /* gophertiles_139.jpg */ = {isa = PBXFileReference; lastKnownFileType = image.jpeg; path = gophertiles_139.jpg; sourceTree = "<group>"; };
		B2D2D35C2136D5CE00D8F6B7 /* gophertiles_134.jpg */ = {isa = PBXFileReference; lastKnownFileType = image.jpeg; path = gophertiles_134.jpg; sourceTree = "<group>"; };
		B2D2D35D2136D5CE00D8F6B7 /* gophertiles_120.jpg */ = {isa = PBXFileReference; lastKnownFileType = image.jpeg; path = gophertiles_120.jpg; sourceTree = "<group>"; };
		B2D2D35E2136D5CE00D8F6B7 /* gophertiles_108.jpg */ = {isa = PBXFileReference; lastKnownFileType = image.jpeg; path = gophertiles_108.jpg; sourceTree = "<group>"; };
		B2D2D35F2136D5CE00D8F6B7 /* gophertiles_040.jpg */ = {isa = PBXFileReference; lastKnownFileType = image.jpeg; path = gophertiles_040.jpg; sourceTree = "<group>"; };
		B2D2D3602136D5CE00D8F6B7 /* gophertiles_054.jpg */ = {isa = PBXFileReference; lastKnownFileType = image.jpeg; path = gophertiles_054.jpg; sourceTree = "<group>"; };
		B2D2D3612136D5CE00D8F6B7 /* gophertiles_068.jpg */ = {isa = PBXFileReference; lastKnownFileType = image.jpeg; path = gophertiles_068.jpg; sourceTree = "<group>"; };
		B2D2D3622136D5CE00D8F6B7 /* gophertiles_083.jpg */ = {isa = PBXFileReference; lastKnownFileType = image.jpeg; path = gophertiles_083.jpg; sourceTree = "<group>"; };
		B2D2D3632136D5CE00D8F6B7 /* gophertiles_097.jpg */ = {isa = PBXFileReference; lastKnownFileType = image.jpeg; path = gophertiles_097.jpg; sourceTree = "<group>"; };
		B2D2D3642136D5CE00D8F6B7 /* gophertiles_096.jpg */ = {isa = PBXFileReference; lastKnownFileType = image.jpeg; path = gophertiles_096.jpg; sourceTree = "<group>"; };
		B2D2D3652136D5CE00D8F6B7 /* gophertiles_082.jpg */ = {isa = PBXFileReference; lastKnownFileType = image.jpeg; path = gophertiles_082.jpg; sourceTree = "<group>"; };
		B2D2D3662136D5CE00D8F6B7 /* gophertiles_069.jpg */ = {isa = PBXFileReference; lastKnownFileType = image.jpeg; path = gophertiles_069.jpg; sourceTree = "<group>"; };
		B2D2D3672136D5CE00D8F6B7 /* gophertiles_055.jpg */ = {isa = PBXFileReference; lastKnownFileType = image.jpeg; path = gophertiles_055.jpg; sourceTree = "<group>"; };
		B2D2D3682136D5CE00D8F6B7 /* gophertiles_041.jpg */ = {isa = PBXFileReference; lastKnownFileType = image.jpeg; path = gophertiles_041.jpg; sourceTree = "<group>"; };
		B2D2D3692136D5CE00D8F6B7 /* gophertiles_109.jpg */ = {isa = PBXFileReference; lastKnownFileType = image.jpeg; path = gophertiles_109.jpg; sourceTree = "<group>"; };
		B2D2D36A2136D5CE00D8F6B7 /* gophertiles_121.jpg */ = {isa = PBXFileReference; lastKnownFileType = image.jpeg; path = gophertiles_121.jpg; sourceTree = "<group>"; };
		B2D2D36B2136D5CE00D8F6B7 /* gophertiles_135.jpg */ = {isa = PBXFileReference; lastKnownFileType = image.jpeg; path = gophertiles_135.jpg; sourceTree = "<group>"; };
		B2D2D36C2136D5CE00D8F6B7 /* gophertiles_123.jpg */ = {isa = PBXFileReference; lastKnownFileType = image.jpeg; path = gophertiles_123.jpg; sourceTree = "<group>"; };
		B2D2D36D2136D5CE00D8F6B7 /* gophertiles_137.jpg */ = {isa = PBXFileReference; lastKnownFileType = image.jpeg; path = gophertiles_137.jpg; sourceTree = "<group>"; };
		B2D2D36E2136D5CE00D8F6B7 /* gophertiles_057.jpg */ = {isa = PBXFileReference; lastKnownFileType = image.jpeg; path = gophertiles_057.jpg; sourceTree = "<group>"; };
		B2D2D36F2136D5CE00D8F6B7 /* gophertiles_043.jpg */ = {isa = PBXFileReference; lastKnownFileType = image.jpeg; path = gophertiles_043.jpg; sourceTree = "<group>"; };
		B2D2D3702136D5CE00D8F6B7 /* gophertiles_094.jpg */ = {isa = PBXFileReference; lastKnownFileType = image.jpeg; path = gophertiles_094.jpg; sourceTree = "<group>"; };
		B2D2D3712136D5CE00D8F6B7 /* gophertiles_080.jpg */ = {isa = PBXFileReference; lastKnownFileType = image.jpeg; path = gophertiles_080.jpg; sourceTree = "<group>"; };
		B2D2D3722136D5CE00D8F6B7 /* gophertiles_081.jpg */ = {isa = PBXFileReference; lastKnownFileType = image.jpeg; path = gophertiles_081.jpg; sourceTree = "<group>"; };
		B2D2D3732136D5CE00D8F6B7 /* gophertiles_095.jpg */ = {isa = PBXFileReference; lastKnownFileType = image.jpeg; path = gophertiles_095.jpg; sourceTree = "<group>"; };
		B2D2D3742136D5CE00D8F6B7 /* gophertiles_042.jpg */ = {isa = PBXFileReference; lastKnownFileType = image.jpeg; path = gophertiles_042.jpg; sourceTree = "<group>"; };
		B2D2D3752136D5CE00D8F6B7 /* gophertiles_056.jpg */ = {isa = PBXFileReference; lastKnownFileType = image.jpeg; path = gophertiles_056.jpg; sourceTree = "<group>"; };
		B2D2D3762136D5CE00D8F6B7 /* gophertiles_136.jpg */ = {isa = PBXFileReference; lastKnownFileType = image.jpeg; path = gophertiles_136.jpg; sourceTree = "<group>"; };
		B2D2D3772136D5CE00D8F6B7 /* gophertiles_122.jpg */ = {isa = PBXFileReference; lastKnownFileType = image.jpeg; path = gophertiles_122.jpg; sourceTree = "<group>"; };
		B2D2D3782136D5CE00D8F6B7 /* gophertiles_126.jpg */ = {isa = PBXFileReference; lastKnownFileType = image.jpeg; path = gophertiles_126.jpg; sourceTree = "<group>"; };
		B2D2D3792136D5CE00D8F6B7 /* gophertiles_132.jpg */ = {isa = PBXFileReference; lastKnownFileType = image.jpeg; path = gophertiles_132.jpg; sourceTree = "<group>"; };
		B2D2D37A2136D5CE00D8F6B7 /* gophertiles_052.jpg */ = {isa = PBXFileReference; lastKnownFileType = image.jpeg; path = gophertiles_052.jpg; sourceTree = "<group>"; };
		B2D2D37B2136D5CE00D8F6B7 /* gophertiles_046.jpg */ = {isa = PBXFileReference; lastKnownFileType = image.jpeg; path = gophertiles_046.jpg; sourceTree = "<group>"; };
		B2D2D37C2136D5CE00D8F6B7 /* gophertiles_091.jpg */ = {isa = PBXFileReference; lastKnownFileType = image.jpeg; path = gophertiles_091.jpg; sourceTree = "<group>"; };
		B2D2D37D2136D5CE00D8F6B7 /* gophertiles_085.jpg */ = {isa = PBXFileReference; lastKnownFileType = image.jpeg; path = gophertiles_085.jpg; sourceTree = "<group>"; };
		B2D2D37E2136D5CE00D8F6B7 /* gophertiles_084.jpg */ = {isa = PBXFileReference; lastKnownFileType = image.jpeg; path = gophertiles_084.jpg; sourceTree = "<group>"; };
		B2D2D37F2136D5CE00D8F6B7 /* gophertiles_090.jpg */ = {isa = PBXFileReference; lastKnownFileType = image.jpeg; path = gophertiles_090.jpg; sourceTree = "<group>"; };
		B2D2D3802136D5CE00D8F6B7 /* gophertiles_047.jpg */ = {isa = PBXFileReference; lastKnownFileType = image.jpeg; path = gophertiles_047.jpg; sourceTree = "<group>"; };
		B2D2D3812136D5CE00D8F6B7 /* gophertiles_053.jpg */ = {isa = PBXFileReference; lastKnownFileType = image.jpeg; path = gophertiles_053.jpg; sourceTree = "<group>"; };
		B2D2D3822136D5CE00D8F6B7 /* gophertiles_133.jpg */ = {isa = PBXFileReference; lastKnownFileType = image.jpeg; path = gophertiles_133.jpg; sourceTree = "<group>"; };
		B2D2D3832136D5CE00D8F6B7 /* gophertiles_127.jpg */ = {isa = PBXFileReference; lastKnownFileType = image.jpeg; path = gophertiles_127.jpg; sourceTree = "<group>"; };
		B2D2D3842136D5CE00D8F6B7 /* gophertiles_119.jpg */ = {isa = PBXFileReference; lastKnownFileType = image.jpeg; path = gophertiles_119.jpg; sourceTree = "<group>"; };
		B2D2D3852136D5CE00D8F6B7 /* gophertiles_131.jpg */ = {isa = PBXFileReference; lastKnownFileType = image.jpeg; path = gophertiles_131.jpg; sourceTree = "<group>"; };
		B2D2D3862136D5CE00D8F6B7 /* gophertiles_125.jpg */ = {isa = PBXFileReference; lastKnownFileType = image.jpeg; path = gophertiles_125.jpg; sourceTree = "<group>"; };
		B2D2D3872136D5CE00D8F6B7 /* gophertiles_079.jpg */ = {isa = PBXFileReference; lastKnownFileType = image.jpeg; path = gophertiles_079.jpg; sourceTree = "<group>"; };
		B2D2D3882136D5CE00D8F6B7 /* gophertiles_045.jpg */ = {isa = PBXFileReference; lastKnownFileType = image.jpeg; path = gophertiles_045.jpg; sourceTree = "<group>"; };
		B2D2D3892136D5CE00D8F6B7 /* gophertiles_051.jpg */ = {isa = PBXFileReference; lastKnownFileType = image.jpeg; path = gophertiles_051.jpg; sourceTree = "<group>"; };
		B2D2D38A2136D5CE00D8F6B7 /* gophertiles_086.jpg */ = {isa = PBXFileReference; lastKnownFileType = image.jpeg; path = gophertiles_086.jpg; sourceTree = "<group>"; };
		B2D2D38B2136D5CE00D8F6B7 /* gophertiles_092.jpg */ = {isa = PBXFileReference; lastKnownFileType = image.jpeg; path = gophertiles_092.jpg; sourceTree = "<group>"; };
		B2D2D38C2136D5CE00D8F6B7 /* gophertiles_093.jpg */ = {isa = PBXFileReference; lastKnownFileType = image.jpeg; path = gophertiles_093.jpg; sourceTree = "<group>"; };
		B2D2D38D2136D5CE00D8F6B7 /* gophertiles_087.jpg */ = {isa = PBXFileReference; lastKnownFileType = image.jpeg; path = gophertiles_087.jpg; sourceTree = "<group>"; };
		B2D2D38E2136D5CE00D8F6B7 /* gophertiles_050.jpg */ = {isa = PBXFileReference; lastKnownFileType = image.jpeg; path = gophertiles_050.jpg; sourceTree = "<group>"; };
		B2D2D38F2136D5CE00D8F6B7 /* gophertiles_044.jpg */ = {isa = PBXFileReference; lastKnownFileType = image.jpeg; path = gophertiles_044.jpg; sourceTree = "<group>"; };
		B2D2D3902136D5CE00D8F6B7 /* gophertiles_078.jpg */ = {isa = PBXFileReference; lastKnownFileType = image.jpeg; path = gophertiles_078.jpg; sourceTree = "<group>"; };
		B2D2D3912136D5CE00D8F6B7 /* gophertiles_124.jpg */ = {isa = PBXFileReference; lastKnownFileType = image.jpeg; path = gophertiles_124.jpg; sourceTree = "<group>"; };
		B2D2D3922136D5CE00D8F6B7 /* gophertiles_130.jpg */ = {isa = PBXFileReference; lastKnownFileType = image.jpeg; path = gophertiles_130.jpg; sourceTree = "<group>"; };
		B2D2D3932136D5CE00D8F6B7 /* gophertiles_118.jpg */ = {isa = PBXFileReference; lastKnownFileType = image.jpeg; path = gophertiles_118.jpg; sourceTree = "<group>"; };
		B2D2D3942136D5CE00D8F6B7 /* gophertiles_157.jpg */ = {isa = PBXFileReference; lastKnownFileType = image.jpeg; path = gophertiles_157.jpg; sourceTree = "<group>"; };
		B2D2D3952136D5CE00D8F6B7 /* gophertiles_143.jpg */ = {isa = PBXFileReference; lastKnownFileType = image.jpeg; path = gophertiles_143.jpg; sourceTree = "<group>"; };
		B2D2D3962136D5CE00D8F6B7 /* gophertiles_180.jpg */ = {isa = PBXFileReference; lastKnownFileType = image.jpeg; path = gophertiles_180.jpg; sourceTree = "<group>"; };
		B2D2D3972136D5CE00D8F6B7 /* gophertiles_023.jpg */ = {isa = PBXFileReference; lastKnownFileType = image.jpeg; path = gophertiles_023.jpg; sourceTree = "<group>"; };
		B2D2D3982136D5CE00D8F6B7 /* gophertiles_037.jpg */ = {isa = PBXFileReference; lastKnownFileType = image.jpeg; path = gophertiles_037.jpg; sourceTree = "<group>"; };
		B2D2D3992136D5CE00D8F6B7 /* gophertiles_036.jpg */ = {isa = PBXFileReference; lastKnownFileType = image.jpeg; path = gophertiles_036.jpg; sourceTree = "<group>"; };
		B2D2D39A2136D5CE00D8F6B7 /* gophertiles_022.jpg */ = {isa = PBXFileReference; lastKnownFileType = image.jpeg; path = gophertiles_022.jpg; sourceTree = "<group>"; };
		B2D2D39B2136D5CE00D8F6B7 /* gophertiles_142.jpg */ = {isa = PBXFileReference; lastKnownFileType = image.jpeg; path = gophertiles_142.jpg; sourceTree = "<group>"; };
		B2D2D39C2136D5CE00D8F6B7 /* gophertiles_156.jpg */ = {isa = PBXFileReference; lastKnownFileType = image.jpeg; path = gophertiles_156.jpg; sourceTree = "<group>"; };
		B2D2D39D2136D5CE00D8F6B7 /* gophertiles_140.jpg */ = {isa = PBXFileReference; lastKnownFileType = image.jpeg; path = gophertiles_140.jpg; sourceTree = "<group>"; };
		B2D2D39E2136D5CE00D8F6B7 /* gophertiles_154.jpg */ = {isa = PBXFileReference; lastKnownFileType = image.jpeg; path = gophertiles_154.jpg; sourceTree = "<group>"; };
		B2D2D39F2136D5CE00D8F6B7 /* gophertiles_168.jpg */ = {isa = PBXFileReference; lastKnownFileType = image.jpeg; path = gophertiles_168.jpg; sourceTree = "<group>"; };
		B2D2D3A02136D5CE00D8F6B7 /* gophertiles_034.jpg */ = {isa = PBXFileReference; lastKnownFileType = image.jpeg; path = gophertiles_034.jpg; sourceTree = "<group>"; };
		B2D2D3A12136D5CE00D8F6B7 /* gophertiles_020.jpg */ = {isa = PBXFileReference; lastKnownFileType = image.jpeg; path = gophertiles_020.jpg; sourceTree = "<group>"; };
		B2D2D3A22136D5CE00D8F6B7 /* gophertiles_008.jpg */ = {isa = PBXFileReference; lastKnownFileType = image.jpeg; path = gophertiles_008.jpg; sourceTree = "<group>"; };
		B2D2D3A32136D5CE00D8F6B7 /* gophertiles_009.jpg */ = {isa = PBXFileReference; lastKnownFileType = image.jpeg; path = gophertiles_009.jpg; sourceTree = "<group>"; };
		B2D2D3A42136D5CE00D8F6B7 /* gophertiles_021.jpg */ = {isa = PBXFileReference; lastKnownFileType = image.jpeg; path = gophertiles_021.jpg; sourceTree = "<group>"; };
		B2D2D3A52136D5CE00D8F6B7 /* gophertiles_035.jpg */ = {isa = PBXFileReference; lastKnownFileType = image.jpeg; path = gophertiles_035.jpg; sourceTree = "<group>"; };
		B2D2D3A62136D5CE00D8F6B7 /* gophertiles_169.jpg */ = {isa = PBXFileReference; lastKnownFileType = image.jpeg; path = gophertiles_169.jpg; sourceTree = "<group>"; };
		B2D2D3A72136D5CE00D8F6B7 /* gophertiles_155.jpg */ = {isa = PBXFileReference; lastKnownFileType = image.jpeg; path = gophertiles_155.jpg; sourceTree = "<group>"; };
		B2D2D3A82136D5CE00D8F6B7 /* gophertiles_141.jpg */ = {isa = PBXFileReference; lastKnownFileType = image.jpeg; path = gophertiles_141.jpg; sourceTree = "<group>"; };
		B2D2D3A92136D5CE00D8F6B7 /* gophertiles_179.jpg */ = {isa = PBXFileReference; lastKnownFileType = image.jpeg; path = gophertiles_179.jpg; sourceTree = "<group>"; };
		B2D2D3AA2136D5CE00D8F6B7 /* gophertiles_145.jpg */ = {isa = PBXFileReference; lastKnownFileType = image.jpeg; path = gophertiles_145.jpg; sourceTree = "<group>"; };
		B2D2D3AB2136D5CE00D8F6B7 /* gophertiles_151.jpg */ = {isa = PBXFileReference; lastKnownFileType = image.jpeg; path = gophertiles_151.jpg; sourceTree = "<group>"; };
		B2D2D3AC2136D5CE00D8F6B7 /* gophertiles_019.jpg */ = {isa = PBXFileReference; lastKnownFileType = image.jpeg; path = gophertiles_019.jpg; sourceTree = "<group>"; };
		B2D2D3AD2136D5CE00D8F6B7 /* gophertiles_031.jpg */ = {isa = PBXFileReference; lastKnownFileType = image.jpeg; path = gophertiles_031.jpg; sourceTree = "<group>"; };
		B2D2D3AE2136D5CE00D8F6B7 /* gophertiles_025.jpg */ = {isa = PBXFileReference; lastKnownFileType = image.jpeg; path = gophertiles_025.jpg; sourceTree = "<group>"; };
		B2D2D3AF2136D5CE00D8F6B7 /* gophertiles_024.jpg */ = {isa = PBXFileReference; lastKnownFileType = image.jpeg; path = gophertiles_024.jpg; sourceTree = "<group>"; };
		B2D2D3B02136D5CE00D8F6B7 /* gophertiles_030.jpg */ = {isa = PBXFileReference; lastKnownFileType = image.jpeg; path = gophertiles_030.jpg; sourceTree = "<group>"; };
		B2D2D3B12136D5CE00D8F6B7 /* gophertiles_018.jpg */ = {isa = PBXFileReference; lastKnownFileType = image.jpeg; path = gophertiles_018.jpg; sourceTree = "<group>"; };
		B2D2D3B22136D5CE00D8F6B7 /* gophertiles_150.jpg */ = {isa = PBXFileReference; lastKnownFileType = image.jpeg; path = gophertiles_150.jpg; sourceTree = "<group>"; };
		B2D2D3B32136D5CE00D8F6B7 /* gophertiles_144.jpg */ = {isa = PBXFileReference; lastKnownFileType = image.jpeg; path = gophertiles_144.jpg; sourceTree = "<group>"; };
		B2D2D3B42136D5CE00D8F6B7 /* gophertiles_178.jpg */ = {isa = PBXFileReference; lastKnownFileType = image.jpeg; path = gophertiles_178.jpg; sourceTree = "<group>"; };
		B2D2D3B52136D5CE00D8F6B7 /* gophertiles_152.jpg */ = {isa = PBXFileReference; lastKnownFileType = image.jpeg; path = gophertiles_152.jpg; sourceTree = "<group>"; };
		B2D2D3B62136D5CE00D8F6B7 /* gophertiles_146.jpg */ = {isa = PBXFileReference; lastKnownFileType = image.jpeg; path = gophertiles_146.jpg; sourceTree = "<group>"; };
		B2D2D3B72136D5CE00D8F6B7 /* gophertiles_026.jpg */ = {isa = PBXFileReference; lastKnownFileType = image.jpeg; path = gophertiles_026.jpg; sourceTree = "<group>"; };
		B2D2D3B82136D5CE00D8F6B7 /* gophertiles.jpg */ = {isa = PBXFileReference; lastKnownFileType = image.jpeg; path = gophertiles.jpg; sourceTree = "<group>"; };
		B2D2D3B92136D5CE00D8F6B7 /* gophertiles_032.jpg */ = {isa = PBXFileReference; lastKnownFileType = image.jpeg; path = gophertiles_032.jpg; sourceTree = "<group>"; };
		B2D2D3BA2136D5CE00D8F6B7 /* gophertiles_033.jpg */ = {isa = PBXFileReference; lastKnownFileType = image.jpeg; path = gophertiles_033.jpg; sourceTree = "<group>"; };
		B2D2D3BB2136D5CE00D8F6B7 /* gophertiles_027.jpg */ = {isa = PBXFileReference; lastKnownFileType = image.jpeg; path = gophertiles_027.jpg; sourceTree = "<group>"; };
		B2D2D3BC2136D5CE00D8F6B7 /* gophertiles_147.jpg */ = {isa = PBXFileReference; lastKnownFileType = image.jpeg; path = gophertiles_147.jpg; sourceTree = "<group>"; };
		B2D2D3BD2136D5CE00D8F6B7 /* gophertiles_153.jpg */ = {isa = PBXFileReference; lastKnownFileType = image.jpeg; path = gophertiles_153.jpg; sourceTree = "<group>"; };
		B2D2D3BE2136D5CE00D8F6B7 /* 006.html */ = {isa = PBXFileReference; fileEncoding = 4; lastKnownFileType = text.html; path = 006.html; sourceTree = "<group>"; };
		B2D2D3BF2136D5CE00D8F6B7 /* alive.json */ = {isa = PBXFileReference; fileEncoding = 4; lastKnownFileType = text.json; path = alive.json; sourceTree = "<group>"; };
		B2D2D3C02136D5CE00D8F6B7 /* 007.html */ = {isa = PBXFileReference; fileEncoding = 4; lastKnownFileType = text.html; path = 007.html; sourceTree = "<group>"; };
		B2D2D3C22136D5CE00D8F6B7 /* hello.py */ = {isa = PBXFileReference; fileEncoding = 4; lastKnownFileType = text.script.python; path = hello.py; sourceTree = "<group>"; };
		B2D2D3C32136D5CE00D8F6B7 /* upload.py */ = {isa = PBXFileReference; fileEncoding = 4; lastKnownFileType = text.script.python; path = upload.py; sourceTree = "<group>"; };
		B2D2D3C42136D5CE00D8F6B7 /* necho.py */ = {isa = PBXFileReference; fileEncoding = 4; lastKnownFileType = text.script.python; path = necho.py; sourceTree = "<group>"; };
		B2D2D3C62136D5CE00D8F6B7 /* empty.txt */ = {isa = PBXFileReference; fileEncoding = 4; lastKnownFileType = text; path = empty.txt; sourceTree = "<group>"; };
		B2D2D3C72136D5CE00D8F6B7 /* alive.json */ = {isa = PBXFileReference; fileEncoding = 4; lastKnownFileType = text.json; path = alive.json; sourceTree = "<group>"; };
		B2D2D3C92136D5CE00D8F6B7 /* alive.json */ = {isa = PBXFileReference; fileEncoding = 4; lastKnownFileType = text.json; path = alive.json; sourceTree = "<group>"; };
		B2D2D3CA2136D5CE00D8F6B7 /* test_003_get.py */ = {isa = PBXFileReference; fileEncoding = 4; lastKnownFileType = text.script.python; path = test_003_get.py; sourceTree = "<group>"; };
		B2D2D3CC2136D5CE00D8F6B7 /* test.conf */ = {isa = PBXFileReference; fileEncoding = 4; lastKnownFileType = text; path = test.conf; sourceTree = "<group>"; };
		B2D2D3CD2136D5CE00D8F6B7 /* modules.conf.in */ = {isa = PBXFileReference; fileEncoding = 4; lastKnownFileType = text; path = modules.conf.in; sourceTree = "<group>"; };
		B2D2D3CF2136D5CE00D8F6B7 /* httpd.conf.in */ = {isa = PBXFileReference; fileEncoding = 4; lastKnownFileType = text; path = httpd.conf.in; sourceTree = "<group>"; };
		B2D2D3D02136D5CE00D8F6B7 /* mime.types */ = {isa = PBXFileReference; fileEncoding = 4; lastKnownFileType = text; path = mime.types; sourceTree = "<group>"; };
		B2D2D5DF21395D6900D8F6B7 /* test_101_ssl_reneg.py */ = {isa = PBXFileReference; lastKnownFileType = text.script.python; path = test_101_ssl_reneg.py; sourceTree = "<group>"; };
		B2E5D7841AAEEF8C001FD280 /* configure.ac */ = {isa = PBXFileReference; fileEncoding = 4; lastKnownFileType = text; path = configure.ac; sourceTree = "<group>"; xcLanguageSpecificationIdentifier = xcode.lang.sh; };
		B2E5D7851AAF1D87001FD280 /* Makefile.am */ = {isa = PBXFileReference; fileEncoding = 4; lastKnownFileType = text; path = Makefile.am; sourceTree = "<group>"; };
		B2E5D7861AAF1F4D001FD280 /* AUTHORS */ = {isa = PBXFileReference; fileEncoding = 4; lastKnownFileType = text; path = AUTHORS; sourceTree = "<group>"; };
		B2E5D7871AAF1F4D001FD280 /* ChangeLog */ = {isa = PBXFileReference; fileEncoding = 4; lastKnownFileType = text; path = ChangeLog; sourceTree = "<group>"; };
		B2E5D7881AAF1F4D001FD280 /* COPYING */ = {isa = PBXFileReference; fileEncoding = 4; lastKnownFileType = text; path = COPYING; sourceTree = "<group>"; };
		B2E5D7891AAF1F4D001FD280 /* NEWS */ = {isa = PBXFileReference; fileEncoding = 4; lastKnownFileType = text; path = NEWS; sourceTree = "<group>"; };
/* End PBXFileReference section */

/* Begin PBXGroup section */
		B24C597E1B8C66930003DF74 /* m4 */ = {
			isa = PBXGroup;
			children = (
				B24C597F1B8C66930003DF74 /* ax_check_compile_flag.m4 */,
				B24C59801B8C66930003DF74 /* h2.m4 */,
				B24C59811B8C66930003DF74 /* libtool.m4 */,
				B24C59821B8C66930003DF74 /* ltoptions.m4 */,
				B24C59831B8C66930003DF74 /* ltsugar.m4 */,
				B24C59841B8C66930003DF74 /* ltversion.m4 */,
				B24C59851B8C66930003DF74 /* lt~obsolete.m4 */,
			);
			path = m4;
			sourceTree = "<group>";
		};
		B255740A1BEB6EFC0058F97B /* mod_http2 */ = {
			isa = PBXGroup;
			children = (
				B25574691BEB6EFC0058F97B /* config.h.in */,
				B255746A1BEB6EFC0058F97B /* h2_alt_svc.c */,
				B255746B1BEB6EFC0058F97B /* h2_alt_svc.h */,
				B25096C41CC4F132002E8B04 /* h2_bucket_beam.c */,
				B25096C51CC4F132002E8B04 /* h2_bucket_beam.h */,
				B255746E1BEB6EFC0058F97B /* h2_bucket_eos.c */,
				B255746F1BEB6EFC0058F97B /* h2_bucket_eos.h */,
				B25574701BEB6EFC0058F97B /* h2_config.c */,
				B25574711BEB6EFC0058F97B /* h2_config.h */,
				B25574741BEB6EFC0058F97B /* h2_conn_io.c */,
				B25574751BEB6EFC0058F97B /* h2_conn_io.h */,
				B25574721BEB6EFC0058F97B /* h2_conn.c */,
				B25574731BEB6EFC0058F97B /* h2_conn.h */,
				B25574761BEB6EFC0058F97B /* h2_ctx.c */,
				B25574771BEB6EFC0058F97B /* h2_ctx.h */,
				B2AB9AB71C2ADBE100908DD6 /* h2_filter.c */,
				B2AB9AB81C2ADBE100908DD6 /* h2_filter.h */,
				B25574781BEB6EFC0058F97B /* h2_from_h1.c */,
				B25574791BEB6EFC0058F97B /* h2_from_h1.h */,
				B255747A1BEB6EFC0058F97B /* h2_h2.c */,
				B255747B1BEB6EFC0058F97B /* h2_h2.h */,
				B2990D411DA28DD900F2B9BA /* h2_headers.c */,
				B2990D421DA28DD900F2B9BA /* h2_headers.h */,
				B25574801BEB6EFC0058F97B /* h2_mplx.c */,
				B25574811BEB6EFC0058F97B /* h2_mplx.h */,
				B25096C01CC4E66F002E8B04 /* h2_ngn_shed.c */,
				B25096C11CC4E66F002E8B04 /* h2_ngn_shed.h */,
				B25574821BEB6EFC0058F97B /* h2_private.h */,
				B25096C61CC65E27002E8B04 /* h2_proxy_session.c */,
				B25096C71CC65E27002E8B04 /* h2_proxy_session.h */,
				B24DBCC21D3298D300C80369 /* h2_proxy_util.c */,
				B24DBCC31D3298D300C80369 /* h2_proxy_util.h */,
				B2AB9AB91C2ADBE100908DD6 /* h2_push.c */,
				B2AB9ABA1C2ADBE100908DD6 /* h2_push.h */,
				B25574831BEB6EFC0058F97B /* h2_request.c */,
				B25574841BEB6EFC0058F97B /* h2_request.h */,
				B25574871BEB6EFC0058F97B /* h2_session.c */,
				B25574881BEB6EFC0058F97B /* h2_session.h */,
				B25574891BEB6EFC0058F97B /* h2_stream.c */,
				B255748A1BEB6EFC0058F97B /* h2_stream.h */,
				B255748D1BEB6EFC0058F97B /* h2_switch.c */,
				B255748E1BEB6EFC0058F97B /* h2_switch.h */,
				B255748F1BEB6EFC0058F97B /* h2_task.c */,
				B25574901BEB6EFC0058F97B /* h2_task.h */,
				B25574991BEB6EFC0058F97B /* h2_util.c */,
				B255749A1BEB6EFC0058F97B /* h2_util.h */,
				B2AB9ABB1C2ADBE100908DD6 /* h2_version.h */,
				B255749C1BEB6EFC0058F97B /* h2_version.h.in */,
				B255749F1BEB6EFC0058F97B /* h2_workers.c */,
				B25574A01BEB6EFC0058F97B /* h2_workers.h */,
				B25096C21CC4E66F002E8B04 /* h2.h */,
				B25574A11BEB6EFC0058F97B /* m4 */,
				B25574A41BEB6EFC0058F97B /* Makefile.am */,
				B25574A71BEB6EFC0058F97B /* mod_http2.c */,
				B2AB9ABC1C2ADBE100908DD6 /* mod_http2.h */,
				B25096C81CC65E27002E8B04 /* mod_proxy_http2.c */,
				B25096C91CC65E27002E8B04 /* mod_proxy_http2.h */,
			);
			path = mod_http2;
			sourceTree = "<group>";
		};
		B25574A11BEB6EFC0058F97B /* m4 */ = {
			isa = PBXGroup;
			children = (
				B25574A21BEB6EFC0058F97B /* h2.m4 */,
			);
			path = m4;
			sourceTree = "<group>";
		};
		B2583B0B21108FC40061E89A /* test */ = {
			isa = PBXGroup;
			children = (
				B2D2D2C82136D5CE00D8F6B7 /* e2e */,
				B2AEB19D21186ED60034C7CB /* Makefile.am */,
				B2583B0C21108FC40061E89A /* unit */,
			);
			path = test;
			sourceTree = "<group>";
		};
		B2583B0C21108FC40061E89A /* unit */ = {
			isa = PBXGroup;
			children = (
				B2AEB1A72118745F0034C7CB /* main.c */,
				B2AEB1A52118745F0034C7CB /* test_common.h */,
				B2AEB1A62118745F0034C7CB /* test_h2_util.c */,
			);
			path = unit;
			sourceTree = "<group>";
		};
		B277B81A221588C200A41B44 /* data */ = {
			isa = PBXGroup;
			children = (
				B277B81C22158D2400A41B44 /* nghttp-output-1k-1.txt */,
				B277B81D22158D9D00A41B44 /* nghttp-output-10k-1.txt */,
				B277B81B221588C200A41B44 /* nghttp-output-100k-1.txt */,
			);
			path = data;
			sourceTree = "<group>";
		};
		B27BBD1F1A65757700C58A41 = {
			isa = PBXGroup;
			children = (
				B2E5D7861AAF1F4D001FD280 /* AUTHORS */,
				B2E5D7871AAF1F4D001FD280 /* ChangeLog */,
				B2E5D7841AAEEF8C001FD280 /* configure.ac */,
				B2E5D7881AAF1F4D001FD280 /* COPYING */,
				B2A6EF2C1A9F2452005DFC5B /* DISCUSS */,
				B2A6EF2A1A9E3A93005DFC5B /* INSTALL */,
				B22D25281AA89A0B0041D8E5 /* LICENSE */,
				B24C597E1B8C66930003DF74 /* m4 */,
				B2E5D7851AAF1D87001FD280 /* Makefile.am */,
				B255740A1BEB6EFC0058F97B /* mod_http2 */,
				B2E5D7891AAF1F4D001FD280 /* NEWS */,
				B27BBD2D1A6575C200C58A41 /* README */,
				B256C4BA1ADD5FF10042C760 /* README.md */,
				B2583B0B21108FC40061E89A /* test */,
			);
			sourceTree = "<group>";
		};
		B2D2D2C82136D5CE00D8F6B7 /* e2e */ = {
			isa = PBXGroup;
			children = (
				B2D2D3CB2136D5CE00D8F6B7 /* conf */,
				B2D2D2D62136D5CE00D8F6B7 /* config.ini.in */,
				B277B81A221588C200A41B44 /* data */,
				B2D2D2E42136D5CE00D8F6B7 /* htdocs */,
				B2D2D2C92136D5CE00D8F6B7 /* ssl */,
				B277B8192215867600A41B44 /* test_000_infra.py */,
				B2D2D2D22136D5CE00D8F6B7 /* test_001_httpd_alive.py */,
				B2D2D2E22136D5CE00D8F6B7 /* test_002_curl_basics.py */,
				B2D2D3CA2136D5CE00D8F6B7 /* test_003_get.py */,
				B2D2D2D42136D5CE00D8F6B7 /* test_004_post.py */,
				B277B8162214576300A41B44 /* test_005_status.py */,
				B277B81822145FA500A41B44 /* test_006_assets.py */,
				B2D2D2D32136D5CE00D8F6B7 /* test_100_conn_reuse.py */,
				B2D2D5DF21395D6900D8F6B7 /* test_101_ssl_reneg.py */,
				B297A7BC213D6AAD0096F0D7 /* test_102_require.py */,
				B297A7BD213D6C830096F0D7 /* test_103_upgrade.py */,
				B297A7BE213D7A5B0096F0D7 /* test_200_header_invalid.py */,
				B297A7C0213EA9BF0096F0D7 /* test_201_header_conditional.py */,
				B297A7C2213EB14B0096F0D7 /* test_202_trailer.py */,
				B297A7C5213EC28D0096F0D7 /* test_300_interim.py */,
				B297A7C6214285970096F0D7 /* test_400_push.py */,
				B2C1BDF721E38322002EF7B4 /* test_401_early_hints.py */,
				B277B814221310B800A41B44 /* test_500_proxy.py */,
				B2D2D2D52136D5CE00D8F6B7 /* TestEnv.py */,
				B277B8172214582600A41B44 /* TestHttpdConf.py */,
				B297A7C721429E8D0096F0D7 /* TestNghttp.py */,
			);
			path = e2e;
			sourceTree = "<group>";
		};
		B2D2D2C92136D5CE00D8F6B7 /* ssl */ = {
			isa = PBXGroup;
			children = (
				B2D2D2CA2136D5CE00D8F6B7 /* req_exts.conf */,
				B2D2D2CB2136D5CE00D8F6B7 /* req_template.conf */,
			);
			path = ssl;
			sourceTree = "<group>";
		};
		B2D2D2E42136D5CE00D8F6B7 /* htdocs */ = {
			isa = PBXGroup;
			children = (
				B2D2D2E52136D5CE00D8F6B7 /* test1 */,
				B2D2D3C12136D5CE00D8F6B7 /* cgi */,
				B2D2D3C72136D5CE00D8F6B7 /* alive.json */,
				B2D2D3C82136D5CE00D8F6B7 /* test2 */,
			);
			path = htdocs;
			sourceTree = "<group>";
		};
		B2D2D2E52136D5CE00D8F6B7 /* test1 */ = {
			isa = PBXGroup;
			children = (
				B2D2D2E62136D5CE00D8F6B7 /* 002.jpg */,
				B2D2D2E72136D5CE00D8F6B7 /* 004.html */,
				B2D2D2E82136D5CE00D8F6B7 /* index.html */,
				B2D2D2E92136D5CE00D8F6B7 /* 009.py */,
				B2D2D2EA2136D5CE00D8F6B7 /* 007 */,
				B2D2D2EC2136D5CE00D8F6B7 /* 006 */,
				B2D2D2F12136D5CE00D8F6B7 /* 003.html */,
				B2D2D2F22136D5CE00D8F6B7 /* 001.html */,
				B2D2D2F32136D5CE00D8F6B7 /* apache.org.html */,
				B2D2D2F42136D5CE00D8F6B7 /* 003 */,
				B2D2D2F62136D5CE00D8F6B7 /* apache.org-files */,
				B2D2D3092136D5CE00D8F6B7 /* 004 */,
				B2D2D3BE2136D5CE00D8F6B7 /* 006.html */,
				B2D2D3BF2136D5CE00D8F6B7 /* alive.json */,
				B2D2D3C02136D5CE00D8F6B7 /* 007.html */,
			);
			path = test1;
			sourceTree = "<group>";
		};
		B2D2D2EA2136D5CE00D8F6B7 /* 007 */ = {
			isa = PBXGroup;
			children = (
				B2D2D2EB2136D5CE00D8F6B7 /* 007.py */,
			);
			path = 007;
			sourceTree = "<group>";
		};
		B2D2D2EC2136D5CE00D8F6B7 /* 006 */ = {
			isa = PBXGroup;
			children = (
				B2D2D2ED2136D5CE00D8F6B7 /* 006.js */,
				B2D2D2EE2136D5CE00D8F6B7 /* 006.css */,
				B2D2D2EF2136D5CE00D8F6B7 /* header.html */,
			);
			path = 006;
			sourceTree = "<group>";
		};
		B2D2D2F42136D5CE00D8F6B7 /* 003 */ = {
			isa = PBXGroup;
			children = (
				B2D2D2F52136D5CE00D8F6B7 /* 003_img.jpg */,
			);
			path = 003;
			sourceTree = "<group>";
		};
		B2D2D2F62136D5CE00D8F6B7 /* apache.org-files */ = {
			isa = PBXGroup;
			children = (
				B2D2D2F72136D5CE00D8F6B7 /* jquery-2.js */,
				B2D2D2F82136D5CE00D8F6B7 /* async-ads.js.br */,
				B2D2D2F92136D5CE00D8F6B7 /* styles.css */,
				B2D2D2FA2136D5CE00D8F6B7 /* min.css.br */,
				B2D2D2FB2136D5CE00D8F6B7 /* min.css */,
				B2D2D2FC2136D5CE00D8F6B7 /* defaulten.css */,
				B2D2D2FD2136D5CE00D8F6B7 /* ant.jpg */,
				B2D2D2FE2136D5CE00D8F6B7 /* cse.js */,
				B2D2D2FF2136D5CE00D8F6B7 /* css.css */,
				B2D2D3002136D5CE00D8F6B7 /* default.css */,
				B2D2D3012136D5CE00D8F6B7 /* search_box_icon.png */,
				B2D2D3022136D5CE00D8F6B7 /* mrunit.jpg */,
				B2D2D3032136D5CE00D8F6B7 /* synapse.jpg */,
				B2D2D3042136D5CE00D8F6B7 /* async-ads.js */,
				B2D2D3052136D5CE00D8F6B7 /* small-logo.png */,
				B2D2D3062136D5CE00D8F6B7 /* asf_logo.png */,
				B2D2D3072136D5CE00D8F6B7 /* defaulten.js */,
				B2D2D3082136D5CE00D8F6B7 /* jsapi.js */,
			);
			path = "apache.org-files";
			sourceTree = "<group>";
		};
		B2D2D3092136D5CE00D8F6B7 /* 004 */ = {
			isa = PBXGroup;
			children = (
				B2D2D30A2136D5CE00D8F6B7 /* gophertiles_176.jpg */,
				B2D2D30B2136D5CE00D8F6B7 /* gophertiles_162.jpg */,
				B2D2D30C2136D5CE00D8F6B7 /* gophertiles_002.jpg */,
				B2D2D30D2136D5CE00D8F6B7 /* gophertiles_016.jpg */,
				B2D2D30E2136D5CE00D8F6B7 /* gophertiles_017.jpg */,
				B2D2D30F2136D5CE00D8F6B7 /* gophertiles_003.jpg */,
				B2D2D3102136D5CE00D8F6B7 /* gophertiles_163.jpg */,
				B2D2D3112136D5CE00D8F6B7 /* gophertiles_177.jpg */,
				B2D2D3122136D5CE00D8F6B7 /* gophertiles_161.jpg */,
				B2D2D3132136D5CE00D8F6B7 /* gophertiles_175.jpg */,
				B2D2D3142136D5CE00D8F6B7 /* gophertiles_149.jpg */,
				B2D2D3152136D5CE00D8F6B7 /* gophertiles_015.jpg */,
				B2D2D3162136D5CE00D8F6B7 /* gophertiles_029.jpg */,
				B2D2D3172136D5CE00D8F6B7 /* gophertiles_028.jpg */,
				B2D2D3182136D5CE00D8F6B7 /* gophertiles_014.jpg */,
				B2D2D3192136D5CE00D8F6B7 /* gophertiles_148.jpg */,
				B2D2D31A2136D5CE00D8F6B7 /* gophertiles_174.jpg */,
				B2D2D31B2136D5CE00D8F6B7 /* gophertiles_160.jpg */,
				B2D2D31C2136D5CE00D8F6B7 /* gophertiles_158.jpg */,
				B2D2D31D2136D5CE00D8F6B7 /* gophertiles_164.jpg */,
				B2D2D31E2136D5CE00D8F6B7 /* gophertiles_170.jpg */,
				B2D2D31F2136D5CE00D8F6B7 /* gophertiles_038.jpg */,
				B2D2D3202136D5CE00D8F6B7 /* gophertiles_010.jpg */,
				B2D2D3212136D5CE00D8F6B7 /* gophertiles_004.jpg */,
				B2D2D3222136D5CE00D8F6B7 /* gophertiles_005.jpg */,
				B2D2D3232136D5CE00D8F6B7 /* gophertiles_011.jpg */,
				B2D2D3242136D5CE00D8F6B7 /* gophertiles_039.jpg */,
				B2D2D3252136D5CE00D8F6B7 /* gophertiles_171.jpg */,
				B2D2D3262136D5CE00D8F6B7 /* gophertiles_165.jpg */,
				B2D2D3272136D5CE00D8F6B7 /* gophertiles_159.jpg */,
				B2D2D3282136D5CE00D8F6B7 /* gophertiles_173.jpg */,
				B2D2D3292136D5CE00D8F6B7 /* gophertiles_167.jpg */,
				B2D2D32A2136D5CE00D8F6B7 /* gophertiles_007.jpg */,
				B2D2D32B2136D5CE00D8F6B7 /* gophertiles_013.jpg */,
				B2D2D32C2136D5CE00D8F6B7 /* gophertiles_012.jpg */,
				B2D2D32D2136D5CE00D8F6B7 /* gophertiles_006.jpg */,
				B2D2D32E2136D5CE00D8F6B7 /* gophertiles_166.jpg */,
				B2D2D32F2136D5CE00D8F6B7 /* gophertiles_172.jpg */,
				B2D2D3302136D5CE00D8F6B7 /* gophertiles_115.jpg */,
				B2D2D3312136D5CE00D8F6B7 /* gophertiles_101.jpg */,
				B2D2D3322136D5CE00D8F6B7 /* gophertiles_129.jpg */,
				B2D2D3332136D5CE00D8F6B7 /* gophertiles_061.jpg */,
				B2D2D3342136D5CE00D8F6B7 /* gophertiles_075.jpg */,
				B2D2D3352136D5CE00D8F6B7 /* gophertiles_049.jpg */,
				B2D2D3362136D5CE00D8F6B7 /* gophertiles_048.jpg */,
				B2D2D3372136D5CE00D8F6B7 /* gophertiles_074.jpg */,
				B2D2D3382136D5CE00D8F6B7 /* gophertiles_060.jpg */,
				B2D2D3392136D5CE00D8F6B7 /* gophertiles_128.jpg */,
				B2D2D33A2136D5CE00D8F6B7 /* gophertiles_100.jpg */,
				B2D2D33B2136D5CE00D8F6B7 /* gophertiles_114.jpg */,
				B2D2D33C2136D5CE00D8F6B7 /* gophertiles_102.jpg */,
				B2D2D33D2136D5CE00D8F6B7 /* gophertiles_116.jpg */,
				B2D2D33E2136D5CE00D8F6B7 /* gophertiles_076.jpg */,
				B2D2D33F2136D5CE00D8F6B7 /* gophertiles_062.jpg */,
				B2D2D3402136D5CE00D8F6B7 /* gophertiles_089.jpg */,
				B2D2D3412136D5CE00D8F6B7 /* gophertiles_088.jpg */,
				B2D2D3422136D5CE00D8F6B7 /* gophertiles_063.jpg */,
				B2D2D3432136D5CE00D8F6B7 /* gophertiles_077.jpg */,
				B2D2D3442136D5CE00D8F6B7 /* gophertiles_117.jpg */,
				B2D2D3452136D5CE00D8F6B7 /* gophertiles_103.jpg */,
				B2D2D3462136D5CE00D8F6B7 /* gophertiles_107.jpg */,
				B2D2D3472136D5CE00D8F6B7 /* gophertiles_113.jpg */,
				B2D2D3482136D5CE00D8F6B7 /* gophertiles_073.jpg */,
				B2D2D3492136D5CE00D8F6B7 /* gophertiles_067.jpg */,
				B2D2D34A2136D5CE00D8F6B7 /* gophertiles_098.jpg */,
				B2D2D34B2136D5CE00D8F6B7 /* gophertiles_099.jpg */,
				B2D2D34C2136D5CE00D8F6B7 /* gophertiles_066.jpg */,
				B2D2D34D2136D5CE00D8F6B7 /* gophertiles_072.jpg */,
				B2D2D34E2136D5CE00D8F6B7 /* gophertiles_112.jpg */,
				B2D2D34F2136D5CE00D8F6B7 /* gophertiles_106.jpg */,
				B2D2D3502136D5CE00D8F6B7 /* gophertiles_138.jpg */,
				B2D2D3512136D5CE00D8F6B7 /* gophertiles_110.jpg */,
				B2D2D3522136D5CE00D8F6B7 /* gophertiles_104.jpg */,
				B2D2D3532136D5CE00D8F6B7 /* gophertiles_058.jpg */,
				B2D2D3542136D5CE00D8F6B7 /* gophertiles_064.jpg */,
				B2D2D3552136D5CE00D8F6B7 /* gophertiles_070.jpg */,
				B2D2D3562136D5CE00D8F6B7 /* gophertiles_071.jpg */,
				B2D2D3572136D5CE00D8F6B7 /* gophertiles_065.jpg */,
				B2D2D3582136D5CE00D8F6B7 /* gophertiles_059.jpg */,
				B2D2D3592136D5CE00D8F6B7 /* gophertiles_105.jpg */,
				B2D2D35A2136D5CE00D8F6B7 /* gophertiles_111.jpg */,
				B2D2D35B2136D5CE00D8F6B7 /* gophertiles_139.jpg */,
				B2D2D35C2136D5CE00D8F6B7 /* gophertiles_134.jpg */,
				B2D2D35D2136D5CE00D8F6B7 /* gophertiles_120.jpg */,
				B2D2D35E2136D5CE00D8F6B7 /* gophertiles_108.jpg */,
				B2D2D35F2136D5CE00D8F6B7 /* gophertiles_040.jpg */,
				B2D2D3602136D5CE00D8F6B7 /* gophertiles_054.jpg */,
				B2D2D3612136D5CE00D8F6B7 /* gophertiles_068.jpg */,
				B2D2D3622136D5CE00D8F6B7 /* gophertiles_083.jpg */,
				B2D2D3632136D5CE00D8F6B7 /* gophertiles_097.jpg */,
				B2D2D3642136D5CE00D8F6B7 /* gophertiles_096.jpg */,
				B2D2D3652136D5CE00D8F6B7 /* gophertiles_082.jpg */,
				B2D2D3662136D5CE00D8F6B7 /* gophertiles_069.jpg */,
				B2D2D3672136D5CE00D8F6B7 /* gophertiles_055.jpg */,
				B2D2D3682136D5CE00D8F6B7 /* gophertiles_041.jpg */,
				B2D2D3692136D5CE00D8F6B7 /* gophertiles_109.jpg */,
				B2D2D36A2136D5CE00D8F6B7 /* gophertiles_121.jpg */,
				B2D2D36B2136D5CE00D8F6B7 /* gophertiles_135.jpg */,
				B2D2D36C2136D5CE00D8F6B7 /* gophertiles_123.jpg */,
				B2D2D36D2136D5CE00D8F6B7 /* gophertiles_137.jpg */,
				B2D2D36E2136D5CE00D8F6B7 /* gophertiles_057.jpg */,
				B2D2D36F2136D5CE00D8F6B7 /* gophertiles_043.jpg */,
				B2D2D3702136D5CE00D8F6B7 /* gophertiles_094.jpg */,
				B2D2D3712136D5CE00D8F6B7 /* gophertiles_080.jpg */,
				B2D2D3722136D5CE00D8F6B7 /* gophertiles_081.jpg */,
				B2D2D3732136D5CE00D8F6B7 /* gophertiles_095.jpg */,
				B2D2D3742136D5CE00D8F6B7 /* gophertiles_042.jpg */,
				B2D2D3752136D5CE00D8F6B7 /* gophertiles_056.jpg */,
				B2D2D3762136D5CE00D8F6B7 /* gophertiles_136.jpg */,
				B2D2D3772136D5CE00D8F6B7 /* gophertiles_122.jpg */,
				B2D2D3782136D5CE00D8F6B7 /* gophertiles_126.jpg */,
				B2D2D3792136D5CE00D8F6B7 /* gophertiles_132.jpg */,
				B2D2D37A2136D5CE00D8F6B7 /* gophertiles_052.jpg */,
				B2D2D37B2136D5CE00D8F6B7 /* gophertiles_046.jpg */,
				B2D2D37C2136D5CE00D8F6B7 /* gophertiles_091.jpg */,
				B2D2D37D2136D5CE00D8F6B7 /* gophertiles_085.jpg */,
				B2D2D37E2136D5CE00D8F6B7 /* gophertiles_084.jpg */,
				B2D2D37F2136D5CE00D8F6B7 /* gophertiles_090.jpg */,
				B2D2D3802136D5CE00D8F6B7 /* gophertiles_047.jpg */,
				B2D2D3812136D5CE00D8F6B7 /* gophertiles_053.jpg */,
				B2D2D3822136D5CE00D8F6B7 /* gophertiles_133.jpg */,
				B2D2D3832136D5CE00D8F6B7 /* gophertiles_127.jpg */,
				B2D2D3842136D5CE00D8F6B7 /* gophertiles_119.jpg */,
				B2D2D3852136D5CE00D8F6B7 /* gophertiles_131.jpg */,
				B2D2D3862136D5CE00D8F6B7 /* gophertiles_125.jpg */,
				B2D2D3872136D5CE00D8F6B7 /* gophertiles_079.jpg */,
				B2D2D3882136D5CE00D8F6B7 /* gophertiles_045.jpg */,
				B2D2D3892136D5CE00D8F6B7 /* gophertiles_051.jpg */,
				B2D2D38A2136D5CE00D8F6B7 /* gophertiles_086.jpg */,
				B2D2D38B2136D5CE00D8F6B7 /* gophertiles_092.jpg */,
				B2D2D38C2136D5CE00D8F6B7 /* gophertiles_093.jpg */,
				B2D2D38D2136D5CE00D8F6B7 /* gophertiles_087.jpg */,
				B2D2D38E2136D5CE00D8F6B7 /* gophertiles_050.jpg */,
				B2D2D38F2136D5CE00D8F6B7 /* gophertiles_044.jpg */,
				B2D2D3902136D5CE00D8F6B7 /* gophertiles_078.jpg */,
				B2D2D3912136D5CE00D8F6B7 /* gophertiles_124.jpg */,
				B2D2D3922136D5CE00D8F6B7 /* gophertiles_130.jpg */,
				B2D2D3932136D5CE00D8F6B7 /* gophertiles_118.jpg */,
				B2D2D3942136D5CE00D8F6B7 /* gophertiles_157.jpg */,
				B2D2D3952136D5CE00D8F6B7 /* gophertiles_143.jpg */,
				B2D2D3962136D5CE00D8F6B7 /* gophertiles_180.jpg */,
				B2D2D3972136D5CE00D8F6B7 /* gophertiles_023.jpg */,
				B2D2D3982136D5CE00D8F6B7 /* gophertiles_037.jpg */,
				B2D2D3992136D5CE00D8F6B7 /* gophertiles_036.jpg */,
				B2D2D39A2136D5CE00D8F6B7 /* gophertiles_022.jpg */,
				B2D2D39B2136D5CE00D8F6B7 /* gophertiles_142.jpg */,
				B2D2D39C2136D5CE00D8F6B7 /* gophertiles_156.jpg */,
				B2D2D39D2136D5CE00D8F6B7 /* gophertiles_140.jpg */,
				B2D2D39E2136D5CE00D8F6B7 /* gophertiles_154.jpg */,
				B2D2D39F2136D5CE00D8F6B7 /* gophertiles_168.jpg */,
				B2D2D3A02136D5CE00D8F6B7 /* gophertiles_034.jpg */,
				B2D2D3A12136D5CE00D8F6B7 /* gophertiles_020.jpg */,
				B2D2D3A22136D5CE00D8F6B7 /* gophertiles_008.jpg */,
				B2D2D3A32136D5CE00D8F6B7 /* gophertiles_009.jpg */,
				B2D2D3A42136D5CE00D8F6B7 /* gophertiles_021.jpg */,
				B2D2D3A52136D5CE00D8F6B7 /* gophertiles_035.jpg */,
				B2D2D3A62136D5CE00D8F6B7 /* gophertiles_169.jpg */,
				B2D2D3A72136D5CE00D8F6B7 /* gophertiles_155.jpg */,
				B2D2D3A82136D5CE00D8F6B7 /* gophertiles_141.jpg */,
				B2D2D3A92136D5CE00D8F6B7 /* gophertiles_179.jpg */,
				B2D2D3AA2136D5CE00D8F6B7 /* gophertiles_145.jpg */,
				B2D2D3AB2136D5CE00D8F6B7 /* gophertiles_151.jpg */,
				B2D2D3AC2136D5CE00D8F6B7 /* gophertiles_019.jpg */,
				B2D2D3AD2136D5CE00D8F6B7 /* gophertiles_031.jpg */,
				B2D2D3AE2136D5CE00D8F6B7 /* gophertiles_025.jpg */,
				B2D2D3AF2136D5CE00D8F6B7 /* gophertiles_024.jpg */,
				B2D2D3B02136D5CE00D8F6B7 /* gophertiles_030.jpg */,
				B2D2D3B12136D5CE00D8F6B7 /* gophertiles_018.jpg */,
				B2D2D3B22136D5CE00D8F6B7 /* gophertiles_150.jpg */,
				B2D2D3B32136D5CE00D8F6B7 /* gophertiles_144.jpg */,
				B2D2D3B42136D5CE00D8F6B7 /* gophertiles_178.jpg */,
				B2D2D3B52136D5CE00D8F6B7 /* gophertiles_152.jpg */,
				B2D2D3B62136D5CE00D8F6B7 /* gophertiles_146.jpg */,
				B2D2D3B72136D5CE00D8F6B7 /* gophertiles_026.jpg */,
				B2D2D3B82136D5CE00D8F6B7 /* gophertiles.jpg */,
				B2D2D3B92136D5CE00D8F6B7 /* gophertiles_032.jpg */,
				B2D2D3BA2136D5CE00D8F6B7 /* gophertiles_033.jpg */,
				B2D2D3BB2136D5CE00D8F6B7 /* gophertiles_027.jpg */,
				B2D2D3BC2136D5CE00D8F6B7 /* gophertiles_147.jpg */,
				B2D2D3BD2136D5CE00D8F6B7 /* gophertiles_153.jpg */,
			);
			path = 004;
			sourceTree = "<group>";
		};
		B2D2D3C12136D5CE00D8F6B7 /* cgi */ = {
			isa = PBXGroup;
			children = (
				B2D2D3C52136D5CE00D8F6B7 /* files */,
				B297A7BF213D7AA20096F0D7 /* hecho.py */,
				B2D2D3C22136D5CE00D8F6B7 /* hello.py */,
				B2D2D3C42136D5CE00D8F6B7 /* necho.py */,
				B2D2D3C32136D5CE00D8F6B7 /* upload.py */,
				B297A7C3213EBA780096F0D7 /* echo.py */,
				B297A7C4213EBC820096F0D7 /* echohd.py */,
			);
			path = cgi;
			sourceTree = "<group>";
		};
		B2D2D3C52136D5CE00D8F6B7 /* files */ = {
			isa = PBXGroup;
			children = (
				B2D2D3C62136D5CE00D8F6B7 /* empty.txt */,
			);
			path = files;
			sourceTree = "<group>";
		};
		B2D2D3C82136D5CE00D8F6B7 /* test2 */ = {
			isa = PBXGroup;
			children = (
				B2D2D3C92136D5CE00D8F6B7 /* alive.json */,
			);
			path = test2;
			sourceTree = "<group>";
		};
		B2D2D3CB2136D5CE00D8F6B7 /* conf */ = {
			isa = PBXGroup;
			children = (
				B2D2D3CC2136D5CE00D8F6B7 /* test.conf */,
				B2D2D3CD2136D5CE00D8F6B7 /* modules.conf.in */,
				B2D2D3CF2136D5CE00D8F6B7 /* httpd.conf.in */,
				B2D2D3D02136D5CE00D8F6B7 /* mime.types */,
			);
			path = conf;
			sourceTree = "<group>";
		};
/* End PBXGroup section */

/* Begin PBXLegacyTarget section */
		B2546D8A1A7F76FA0033A875 /* mod_h2 make */ = {
			isa = PBXLegacyTarget;
			buildArgumentsString = "$(ACTION) APXS=../gen/install/bin/apxs";
			buildConfigurationList = B2546D8B1A7F76FA0033A875 /* Build configuration list for PBXLegacyTarget "mod_h2 make" */;
			buildPhases = (
			);
			buildToolPath = /usr/bin/make;
			buildWorkingDirectory = "/Users/sei/projects/mod-h2/mod_http2";
			dependencies = (
			);
			name = "mod_h2 make";
			passBuildSettingsInEnvironment = 1;
			productName = "mod_h2 make";
		};
/* End PBXLegacyTarget section */

/* Begin PBXProject section */
		B27BBD201A65757700C58A41 /* Project object */ = {
			isa = PBXProject;
			attributes = {
				LastUpgradeCheck = 0940;
				TargetAttributes = {
					B2546D8A1A7F76FA0033A875 = {
						CreatedOnToolsVersion = 6.0;
					};
				};
			};
			buildConfigurationList = B27BBD231A65757700C58A41 /* Build configuration list for PBXProject "mod-h2" */;
			compatibilityVersion = "Xcode 3.2";
			developmentRegion = English;
			hasScannedForEncodings = 0;
			knownRegions = (
				en,
			);
			mainGroup = B27BBD1F1A65757700C58A41;
			projectDirPath = "";
			projectRoot = "";
			targets = (
				B2546D8A1A7F76FA0033A875 /* mod_h2 make */,
			);
		};
/* End PBXProject section */

/* Begin XCBuildConfiguration section */
		B2546D8C1A7F76FA0033A875 /* Debug */ = {
			isa = XCBuildConfiguration;
			buildSettings = {
				ALWAYS_SEARCH_USER_PATHS = NO;
				CLANG_CXX_LANGUAGE_STANDARD = "gnu++0x";
				CLANG_CXX_LIBRARY = "libc++";
				CLANG_ENABLE_MODULES = YES;
				CLANG_ENABLE_OBJC_ARC = YES;
				CLANG_WARN_BOOL_CONVERSION = YES;
				CLANG_WARN_CONSTANT_CONVERSION = YES;
				CLANG_WARN_DIRECT_OBJC_ISA_USAGE = YES_ERROR;
				CLANG_WARN_EMPTY_BODY = YES;
				CLANG_WARN_ENUM_CONVERSION = YES;
				CLANG_WARN_INT_CONVERSION = YES;
				CLANG_WARN_OBJC_ROOT_CLASS = YES_ERROR;
				CLANG_WARN_UNREACHABLE_CODE = YES;
				CLANG_WARN__DUPLICATE_METHOD_MATCH = YES;
				COPY_PHASE_STRIP = NO;
				DEBUGGING_SYMBOLS = YES;
				ENABLE_STRICT_OBJC_MSGSEND = YES;
				GCC_C_LANGUAGE_STANDARD = gnu99;
				GCC_DYNAMIC_NO_PIC = NO;
				GCC_GENERATE_DEBUGGING_SYMBOLS = YES;
				GCC_OPTIMIZATION_LEVEL = 0;
				GCC_PREPROCESSOR_DEFINITIONS = (
					"DEBUG=1",
					"$(inherited)",
				);
				GCC_SYMBOLS_PRIVATE_EXTERN = NO;
				GCC_WARN_64_TO_32_BIT_CONVERSION = YES;
				GCC_WARN_ABOUT_RETURN_TYPE = YES_ERROR;
				GCC_WARN_UNDECLARED_SELECTOR = YES;
				GCC_WARN_UNINITIALIZED_AUTOS = YES_AGGRESSIVE;
				GCC_WARN_UNUSED_FUNCTION = YES;
				GCC_WARN_UNUSED_VARIABLE = YES;
				MACOSX_DEPLOYMENT_TARGET = 10.9;
				MTL_ENABLE_DEBUG_INFO = YES;
				ONLY_ACTIVE_ARCH = YES;
				OTHER_CFLAGS = "";
				OTHER_LDFLAGS = "";
				PRODUCT_NAME = "$(TARGET_NAME)";
				SDKROOT = macosx;
			};
			name = Debug;
		};
		B2546D8D1A7F76FA0033A875 /* Release */ = {
			isa = XCBuildConfiguration;
			buildSettings = {
				ALWAYS_SEARCH_USER_PATHS = NO;
				CLANG_CXX_LANGUAGE_STANDARD = "gnu++0x";
				CLANG_CXX_LIBRARY = "libc++";
				CLANG_ENABLE_MODULES = YES;
				CLANG_ENABLE_OBJC_ARC = YES;
				CLANG_WARN_BOOL_CONVERSION = YES;
				CLANG_WARN_CONSTANT_CONVERSION = YES;
				CLANG_WARN_DIRECT_OBJC_ISA_USAGE = YES_ERROR;
				CLANG_WARN_EMPTY_BODY = YES;
				CLANG_WARN_ENUM_CONVERSION = YES;
				CLANG_WARN_INT_CONVERSION = YES;
				CLANG_WARN_OBJC_ROOT_CLASS = YES_ERROR;
				CLANG_WARN_UNREACHABLE_CODE = YES;
				CLANG_WARN__DUPLICATE_METHOD_MATCH = YES;
				COPY_PHASE_STRIP = YES;
				DEBUG_INFORMATION_FORMAT = "dwarf-with-dsym";
				ENABLE_NS_ASSERTIONS = NO;
				ENABLE_STRICT_OBJC_MSGSEND = YES;
				GCC_C_LANGUAGE_STANDARD = gnu99;
				GCC_WARN_64_TO_32_BIT_CONVERSION = YES;
				GCC_WARN_ABOUT_RETURN_TYPE = YES_ERROR;
				GCC_WARN_UNDECLARED_SELECTOR = YES;
				GCC_WARN_UNINITIALIZED_AUTOS = YES_AGGRESSIVE;
				GCC_WARN_UNUSED_FUNCTION = YES;
				GCC_WARN_UNUSED_VARIABLE = YES;
				MACOSX_DEPLOYMENT_TARGET = 10.9;
				MTL_ENABLE_DEBUG_INFO = NO;
				OTHER_CFLAGS = "";
				OTHER_LDFLAGS = "";
				PRODUCT_NAME = "$(TARGET_NAME)";
				SDKROOT = macosx;
			};
			name = Release;
		};
		B27BBD241A65757700C58A41 /* Debug */ = {
			isa = XCBuildConfiguration;
			buildSettings = {
				BuildMake = "";
				CLANG_WARN_BLOCK_CAPTURE_AUTORELEASING = YES;
				CLANG_WARN_BOOL_CONVERSION = YES;
				CLANG_WARN_COMMA = YES;
				CLANG_WARN_CONSTANT_CONVERSION = YES;
				CLANG_WARN_DEPRECATED_OBJC_IMPLEMENTATIONS = YES;
				CLANG_WARN_EMPTY_BODY = YES;
				CLANG_WARN_ENUM_CONVERSION = YES;
				CLANG_WARN_INFINITE_RECURSION = YES;
				CLANG_WARN_INT_CONVERSION = YES;
				CLANG_WARN_NON_LITERAL_NULL_CONVERSION = YES;
				CLANG_WARN_OBJC_IMPLICIT_RETAIN_SELF = YES;
				CLANG_WARN_OBJC_LITERAL_CONVERSION = YES;
				CLANG_WARN_RANGE_LOOP_ANALYSIS = YES;
				CLANG_WARN_STRICT_PROTOTYPES = YES;
				CLANG_WARN_SUSPICIOUS_MOVE = YES;
				CLANG_WARN_UNREACHABLE_CODE = YES;
				CLANG_WARN__DUPLICATE_METHOD_MATCH = YES;
				ENABLE_STRICT_OBJC_MSGSEND = YES;
				ENABLE_TESTABILITY = YES;
				GCC_NO_COMMON_BLOCKS = YES;
				GCC_WARN_64_TO_32_BIT_CONVERSION = YES;
				GCC_WARN_ABOUT_RETURN_TYPE = YES;
				GCC_WARN_UNDECLARED_SELECTOR = YES;
				GCC_WARN_UNINITIALIZED_AUTOS = YES;
				GCC_WARN_UNUSED_FUNCTION = YES;
				GCC_WARN_UNUSED_VARIABLE = YES;
				MACOSX_DEPLOYMENT_TARGET = 10.9;
				ONLY_ACTIVE_ARCH = YES;
			};
			name = Debug;
		};
		B27BBD251A65757700C58A41 /* Release */ = {
			isa = XCBuildConfiguration;
			buildSettings = {
				BuildMake = "";
				CLANG_WARN_BLOCK_CAPTURE_AUTORELEASING = YES;
				CLANG_WARN_BOOL_CONVERSION = YES;
				CLANG_WARN_COMMA = YES;
				CLANG_WARN_CONSTANT_CONVERSION = YES;
				CLANG_WARN_DEPRECATED_OBJC_IMPLEMENTATIONS = YES;
				CLANG_WARN_EMPTY_BODY = YES;
				CLANG_WARN_ENUM_CONVERSION = YES;
				CLANG_WARN_INFINITE_RECURSION = YES;
				CLANG_WARN_INT_CONVERSION = YES;
				CLANG_WARN_NON_LITERAL_NULL_CONVERSION = YES;
				CLANG_WARN_OBJC_IMPLICIT_RETAIN_SELF = YES;
				CLANG_WARN_OBJC_LITERAL_CONVERSION = YES;
				CLANG_WARN_RANGE_LOOP_ANALYSIS = YES;
				CLANG_WARN_STRICT_PROTOTYPES = YES;
				CLANG_WARN_SUSPICIOUS_MOVE = YES;
				CLANG_WARN_UNREACHABLE_CODE = YES;
				CLANG_WARN__DUPLICATE_METHOD_MATCH = YES;
				ENABLE_STRICT_OBJC_MSGSEND = YES;
				GCC_NO_COMMON_BLOCKS = YES;
				GCC_WARN_64_TO_32_BIT_CONVERSION = YES;
				GCC_WARN_ABOUT_RETURN_TYPE = YES;
				GCC_WARN_UNDECLARED_SELECTOR = YES;
				GCC_WARN_UNINITIALIZED_AUTOS = YES;
				GCC_WARN_UNUSED_FUNCTION = YES;
				GCC_WARN_UNUSED_VARIABLE = YES;
				MACOSX_DEPLOYMENT_TARGET = 10.9;
			};
			name = Release;
		};
/* End XCBuildConfiguration section */

/* Begin XCConfigurationList section */
		B2546D8B1A7F76FA0033A875 /* Build configuration list for PBXLegacyTarget "mod_h2 make" */ = {
			isa = XCConfigurationList;
			buildConfigurations = (
				B2546D8C1A7F76FA0033A875 /* Debug */,
				B2546D8D1A7F76FA0033A875 /* Release */,
			);
			defaultConfigurationIsVisible = 0;
			defaultConfigurationName = Release;
		};
		B27BBD231A65757700C58A41 /* Build configuration list for PBXProject "mod-h2" */ = {
			isa = XCConfigurationList;
			buildConfigurations = (
				B27BBD241A65757700C58A41 /* Debug */,
				B27BBD251A65757700C58A41 /* Release */,
			);
			defaultConfigurationIsVisible = 0;
			defaultConfigurationName = Release;
		};
/* End XCConfigurationList section */
	};
	rootObject = B27BBD201A65757700C58A41 /* Project object */;
}
